
Microsoft Visual Studio Solution File, Format Version 12.00
Project("{2150E333-8FDC-42A3-9474-1A3956D46DE8}") = "Common", "Common", "{E3D54F66-7409-442F-BB2B-6249F87CC502}"
EndProject
Project("{FAE04EC0-301F-11D3-BF4B-00C04F79EFBC}") = "Extensions", "Common\Extensions\Extensions.csproj", "{B9FA98D2-007B-4F88-A231-72AF33C52FF5}"
EndProject
Project("{2150E333-8FDC-42A3-9474-1A3956D46DE8}") = "Infrastructure", "Infrastructure", "{C9B5586B-606D-4204-BF7E-42E7FAE6BCA7}"
EndProject
Project("{FAE04EC0-301F-11D3-BF4B-00C04F79EFBC}") = "Reactive", "Common\Reactive\Reactive.csproj", "{39464856-948A-46D7-B565-97FE3897CB0F}"
EndProject
Project("{2150E333-8FDC-42A3-9474-1A3956D46DE8}") = "Aspire", "Aspire", "{67382B67-982F-45C0-9D42-BA7F40BD583E}"
EndProject
Project("{FAE04EC0-301F-11D3-BF4B-00C04F79EFBC}") = "AppHost", "Aspire\AppHost\AppHost.csproj", "{5D59477D-0CAE-4771-BDC5-0DA036DF4D23}"
EndProject
Project("{FAE04EC0-301F-11D3-BF4B-00C04F79EFBC}") = "ServiceDefaults", "Aspire\ServiceDefaults\ServiceDefaults.csproj", "{08484719-1722-482E-8E42-869A66E4C388}"
EndProject
Project("{FAE04EC0-301F-11D3-BF4B-00C04F79EFBC}") = "Startup", "Aspire\Startup\Startup.csproj", "{80E4D12B-427B-417E-BD0B-6F1F2F4F1647}"
EndProject
Project("{2150E333-8FDC-42A3-9474-1A3956D46DE8}") = "Messaging", "Messaging", "{453E556C-4A32-411B-8C3B-E045C0AC0A65}"
EndProject
Project("{FAE04EC0-301F-11D3-BF4B-00C04F79EFBC}") = "Interfaces", "Infrastructure\Messaging\Interfaces\Interfaces.csproj", "{53628471-32F7-4E83-B388-FB1C1C02ED13}"
EndProject
Project("{2150E333-8FDC-42A3-9474-1A3956D46DE8}") = "Discovery", "Discovery", "{8787644D-871C-44E6-AAC3-598C6E9649CE}"
EndProject
Project("{FAE04EC0-301F-11D3-BF4B-00C04F79EFBC}") = "Environment", "Infrastructure\Discovery\Environment\Environment.csproj", "{576390B2-F861-49EB-8B1D-4EA65A1B926D}"
EndProject
Project("{2150E333-8FDC-42A3-9474-1A3956D46DE8}") = "Orleans", "Orleans", "{940D9E39-F631-49B4-837A-B8CC27986052}"
EndProject
Project("{FAE04EC0-301F-11D3-BF4B-00C04F79EFBC}") = "Silo", "Infrastructure\Orleans\Silo\Silo.csproj", "{6C5A5612-C666-45D1-8020-E01B8F6A7392}"
EndProject
Project("{2150E333-8FDC-42A3-9474-1A3956D46DE8}") = "Loop", "Loop", "{F736176C-33FA-46EA-81C4-B6EA23DCF45F}"
EndProject
Project("{FAE04EC0-301F-11D3-BF4B-00C04F79EFBC}") = "ServiceLoop", "Infrastructure\Loop\ServiceLoop\ServiceLoop.csproj", "{3BD317B7-829C-49A2-A52D-80395D85EA1B}"
EndProject
Project("{2150E333-8FDC-42A3-9474-1A3956D46DE8}") = "Storage", "Storage", "{7030D3F8-1170-4647-93D1-E31EF28892AF}"
EndProject
Project("{FAE04EC0-301F-11D3-BF4B-00C04F79EFBC}") = "Common", "Infrastructure\Orleans\Storage\Common\Common.csproj", "{0F8CDCC3-6851-44B9-9ABF-59D195219CD0}"
EndProject
Project("{FAE04EC0-301F-11D3-BF4B-00C04F79EFBC}") = "GrainStorage", "Infrastructure\Orleans\Storage\GrainStorage\GrainStorage.csproj", "{142B6775-9B87-4614-92F9-E5EB142E4E85}"
EndProject
Project("{2150E333-8FDC-42A3-9474-1A3956D46DE8}") = "Queues", "Queues", "{D73E8B67-9AAF-4001-926C-D6C3B1CDBED0}"
EndProject
Project("{2150E333-8FDC-42A3-9474-1A3956D46DE8}") = "Pipes", "Pipes", "{AA07C257-5FCA-4B23-BC89-6B171303442A}"
EndProject
Project("{FAE04EC0-301F-11D3-BF4B-00C04F79EFBC}") = "Service", "Infrastructure\Messaging\Service\Service.csproj", "{71B915AD-D5E5-4781-9692-09CF76424A39}"
EndProject
Project("{FAE04EC0-301F-11D3-BF4B-00C04F79EFBC}") = "Interfaces", "Infrastructure\Messaging\Queues\Interfaces\Interfaces.csproj", "{CA969818-0BC6-4E76-BED3-52EF5A338E7D}"
EndProject
Project("{FAE04EC0-301F-11D3-BF4B-00C04F79EFBC}") = "Grains", "Infrastructure\Messaging\Queues\Grains\Grains.csproj", "{F06793BF-49C8-498F-BAF5-2AB387701FA3}"
EndProject
Project("{FAE04EC0-301F-11D3-BF4B-00C04F79EFBC}") = "Interfaces", "Infrastructure\Messaging\Pipes\Interfaces\Interfaces.csproj", "{9DB2CBD6-46BB-4774-9AE1-EF5E6DB1AC68}"
EndProject
Project("{FAE04EC0-301F-11D3-BF4B-00C04F79EFBC}") = "Grains", "Infrastructure\Messaging\Pipes\Grains\Grains.csproj", "{6FCBC7F0-B47B-4AC1-A893-D64D97122707}"
EndProject
Project("{2150E333-8FDC-42A3-9474-1A3956D46DE8}") = "Transactions", "Transactions", "{ADC3DF8A-DAC4-4719-9004-5B6ACF7EED0F}"
EndProject
Project("{FAE04EC0-301F-11D3-BF4B-00C04F79EFBC}") = "Interfaces", "Infrastructure\Orleans\Transactions\Interfaces\Interfaces.csproj", "{B002300B-885A-4D14-8D11-E15280BDFA89}"
EndProject
Project("{FAE04EC0-301F-11D3-BF4B-00C04F79EFBC}") = "Service", "Infrastructure\Orleans\Transactions\Service\Service.csproj", "{BFA788DE-149C-42E7-A5F7-A73E833A9008}"
EndProject
Project("{2150E333-8FDC-42A3-9474-1A3956D46DE8}") = "StorableActions", "StorableActions", "{A85946C1-535E-4707-A384-DF755D48DEC9}"
EndProject
Project("{2150E333-8FDC-42A3-9474-1A3956D46DE8}") = "Batchers", "Batchers", "{5A75C5D2-0059-4860-98AF-B0DC1FBBB7F0}"
EndProject
Project("{FAE04EC0-301F-11D3-BF4B-00C04F79EFBC}") = "Grains", "Infrastructure\StorableActions\Batchers\Grains\Grains.csproj", "{B0F7E2FC-B2B7-4351-8E2F-9EB9AAD5353C}"
EndProject
Project("{FAE04EC0-301F-11D3-BF4B-00C04F79EFBC}") = "Interfaces", "Infrastructure\StorableActions\Batchers\Interfaces\Interfaces.csproj", "{9F910658-EFA3-41B5-B384-2F6D6382A4DD}"
EndProject
Project("{FAE04EC0-301F-11D3-BF4B-00C04F79EFBC}") = "Grains", "Infrastructure\Orleans\Transactions\Grains\Grains.csproj", "{931A3A8E-7FCF-4DA8-9514-D6C44CD7ECCF}"
EndProject
Project("{FAE04EC0-301F-11D3-BF4B-00C04F79EFBC}") = "Common", "Infrastructure\Orleans\Common\Common.csproj", "{12411609-EE26-47F0-9DD0-36D8A5348E2C}"
EndProject
Project("{2150E333-8FDC-42A3-9474-1A3956D46DE8}") = "TaskSheduling", "TaskSheduling", "{7BD583AC-D1FE-4175-BFFD-57371C18D7EA}"
EndProject
Project("{FAE04EC0-301F-11D3-BF4B-00C04F79EFBC}") = "Service", "Infrastructure\TaskScheduling\Service\Service.csproj", "{2BCA372D-AA07-4811-B990-E356DF89068E}"
EndProject
Project("{FAE04EC0-301F-11D3-BF4B-00C04F79EFBC}") = "Services", "Infrastructure\Discovery\Services\Services.csproj", "{F09ED325-5163-471F-8666-4309869C2454}"
EndProject
Project("{FAE04EC0-301F-11D3-BF4B-00C04F79EFBC}") = "Service", "Infrastructure\Messaging\Queues\Service\Service.csproj", "{A7E63AB9-60F8-4F2F-8F90-6B097479A6E6}"
EndProject
Project("{FAE04EC0-301F-11D3-BF4B-00C04F79EFBC}") = "Service", "Infrastructure\Messaging\Pipes\Service\Service.csproj", "{3E1E42FC-C050-4E53-B123-FC73303B4207}"
EndProject
Project("{2150E333-8FDC-42A3-9474-1A3956D46DE8}") = "Coordination", "Coordination", "{00FECE49-C714-423A-A3DD-1A381A6D5353}"
EndProject
Project("{FAE04EC0-301F-11D3-BF4B-00C04F79EFBC}") = "Coordinator", "Infrastructure\Coordination\Coordinator\Coordinator.csproj", "{4FAB3259-B524-426E-B0EC-C400A52F9CF3}"
EndProject
Project("{FAE04EC0-301F-11D3-BF4B-00C04F79EFBC}") = "Features", "Infrastructure\Coordination\Features\Features.csproj", "{B50E9B60-D07E-4A97-9AB5-A659A07DCE79}"
EndProject
Project("{2150E333-8FDC-42A3-9474-1A3956D46DE8}") = "ClusterStates", "ClusterStates", "{F7B4B7A6-3E8E-4DC8-A284-705E335595EE}"
EndProject
Project("{FAE04EC0-301F-11D3-BF4B-00C04F79EFBC}") = "Grains", "Infrastructure\StorableActions\ClusterStates\Grains\Grains.csproj", "{0A9F433E-E23E-4F86-A04F-8B67CE0A6568}"
EndProject
Project("{FAE04EC0-301F-11D3-BF4B-00C04F79EFBC}") = "Interfaces", "Infrastructure\StorableActions\ClusterStates\Interfaces\Interfaces.csproj", "{7D06B399-AF7E-491E-8379-88CB8CA86140}"
EndProject
Project("{FAE04EC0-301F-11D3-BF4B-00C04F79EFBC}") = "Service", "Infrastructure\StorableActions\ClusterStates\Service\Service.csproj", "{F4C64B63-2975-46C7-8BA5-9684FDAECB75}"
EndProject
Project("{FAE04EC0-301F-11D3-BF4B-00C04F79EFBC}") = "Startup", "Infrastructure\Coordination\Startup\Startup.csproj", "{3D128FB6-010F-405E-A131-7318BE4B8BC7}"
EndProject
Project("{FAE04EC0-301F-11D3-BF4B-00C04F79EFBC}") = "ProjectsSetup", "Common\ProjectsSetup\ProjectsSetup.csproj", "{1BE001F7-D319-483E-8EDE-5C54477D2EEE}"
EndProject
Project("{FAE04EC0-301F-11D3-BF4B-00C04F79EFBC}") = "Common", "Infrastructure\Coordination\Common\Common.csproj", "{2E685779-DEE8-48D8-8F82-04F51B4FDC09}"
EndProject
Project("{2150E333-8FDC-42A3-9474-1A3956D46DE8}") = "Frontend", "Frontend", "{74FE5B9D-DF45-4E7D-919B-052E29A73BAD}"
EndProject
Project("{2150E333-8FDC-42A3-9474-1A3956D46DE8}") = "Console", "Console", "{7EA5AE91-94E6-47C9-9D21-6D1169B97463}"
EndProject
Project("{FAE04EC0-301F-11D3-BF4B-00C04F79EFBC}") = "Console", "Console\Console\Console.csproj", "{C4407014-5F13-426B-980A-4FA163CA48B0}"
EndProject
Project("{FAE04EC0-301F-11D3-BF4B-00C04F79EFBC}") = "Frontend", "Frontend\Frontend\Frontend.csproj", "{22125463-D91A-46AD-9609-3C7808145197}"
EndProject
Project("{2150E333-8FDC-42A3-9474-1A3956D46DE8}") = "Audio", "Audio", "{893E7E40-501A-4EA4-B785-7E74740822FB}"
EndProject
Project("{2150E333-8FDC-42A3-9474-1A3956D46DE8}") = "Images", "Images", "{9B4B40A5-AC32-4018-9FEF-5946CD65D136}"
EndProject
Project("{2150E333-8FDC-42A3-9474-1A3956D46DE8}") = "Playlists", "Playlists", "{B1AFB13F-3E39-4CD0-AA56-956C21C4F86D}"
EndProject
Project("{2150E333-8FDC-42A3-9474-1A3956D46DE8}") = "Songs", "Songs", "{3585B1C0-DE96-4390-B5DD-F0920EEF76EE}"
EndProject
Project("{FAE04EC0-301F-11D3-BF4B-00C04F79EFBC}") = "Grains", "Audio\Playlists\Grains\Grains.csproj", "{5294ED42-D51C-4201-B1DD-6C0B0DAD6FD8}"
EndProject
Project("{FAE04EC0-301F-11D3-BF4B-00C04F79EFBC}") = "Interfaces", "Audio\Playlists\Interfaces\Interfaces.csproj", "{738CCE73-9275-4E26-8A6B-7A3B5DB58A98}"
EndProject
Project("{FAE04EC0-301F-11D3-BF4B-00C04F79EFBC}") = "Grains", "Audio\Songs\Grains\Grains.csproj", "{75951CF3-AB6F-4389-B565-AFD39E426F83}"
EndProject
Project("{FAE04EC0-301F-11D3-BF4B-00C04F79EFBC}") = "Interfaces", "Audio\Songs\Interfaces\Interfaces.csproj", "{C297F0B4-9D84-4B97-8614-5FD93C1A0EED}"
EndProject
Project("{2150E333-8FDC-42A3-9474-1A3956D46DE8}") = "Services", "Services", "{375536B7-A314-4B5C-AB73-9561D26F6B14}"
EndProject
Project("{FAE04EC0-301F-11D3-BF4B-00C04F79EFBC}") = "Collections", "Audio\Services\Collections\Collections.csproj", "{8D636724-13BB-4182-B4BC-3FE5EFFE6937}"
EndProject
Project("{FAE04EC0-301F-11D3-BF4B-00C04F79EFBC}") = "Services", "Audio\Playlists\Services\Services.csproj", "{26DDC38C-09F7-4411-8665-31ED91B3C540}"
EndProject
Project("{FAE04EC0-301F-11D3-BF4B-00C04F79EFBC}") = "Extensions", "Audio\Services\Extensions\Extensions.csproj", "{1D69D298-56B2-4B89-B834-0635A30AC6A4}"
EndProject
Project("{FAE04EC0-301F-11D3-BF4B-00C04F79EFBC}") = "Common", "Console\Common\Common.csproj", "{6D9DF325-D6A9-4885-AF42-05E588D89D59}"
EndProject
Project("{FAE04EC0-301F-11D3-BF4B-00C04F79EFBC}") = "Main", "Console\Main\Main.csproj", "{5CE664AC-B8DC-4AB7-AEE7-D58020A2F3DF}"
EndProject
Project("{FAE04EC0-301F-11D3-BF4B-00C04F79EFBC}") = "Playlists", "Console\Playlists\Playlists.csproj", "{CF3B6DB1-996B-49F3-8D37-938DD2C41B9C}"
EndProject
Project("{FAE04EC0-301F-11D3-BF4B-00C04F79EFBC}") = "Songs", "Console\Songs\Songs.csproj", "{6747B407-60AA-4879-B3C7-A8132EE0F9CF}"
EndProject
Project("{FAE04EC0-301F-11D3-BF4B-00C04F79EFBC}") = "Migrations", "Console\Migrations\Migrations.csproj", "{92A5A9F9-1560-4448-B4B5-9596D3F6075A}"
EndProject
Project("{FAE04EC0-301F-11D3-BF4B-00C04F79EFBC}") = "Services", "Images\Services\Services.csproj", "{D99DF216-F4BE-4A81-876C-44EDADFE8DFA}"
EndProject
Project("{FAE04EC0-301F-11D3-BF4B-00C04F79EFBC}") = "Services", "Frontend\Services\Services.csproj", "{0A6BD44D-F8AC-4F1A-A9D9-0117BB728BC1}"
EndProject
Project("{FAE04EC0-301F-11D3-BF4B-00C04F79EFBC}") = "Images", "Console\Images\Images.csproj", "{5C713BCE-ADE0-482D-808E-859E5F9752F8}"
EndProject
Global
	GlobalSection(SolutionConfigurationPlatforms) = preSolution
		Debug|Any CPU = Debug|Any CPU
		Debug|x64 = Debug|x64
		Debug|x86 = Debug|x86
		Release|Any CPU = Release|Any CPU
		Release|x64 = Release|x64
		Release|x86 = Release|x86
	EndGlobalSection
	GlobalSection(ProjectConfigurationPlatforms) = postSolution
		{B9FA98D2-007B-4F88-A231-72AF33C52FF5}.Debug|Any CPU.ActiveCfg = Debug|Any CPU
		{B9FA98D2-007B-4F88-A231-72AF33C52FF5}.Debug|Any CPU.Build.0 = Debug|Any CPU
		{B9FA98D2-007B-4F88-A231-72AF33C52FF5}.Debug|x64.ActiveCfg = Debug|Any CPU
		{B9FA98D2-007B-4F88-A231-72AF33C52FF5}.Debug|x64.Build.0 = Debug|Any CPU
		{B9FA98D2-007B-4F88-A231-72AF33C52FF5}.Debug|x86.ActiveCfg = Debug|Any CPU
		{B9FA98D2-007B-4F88-A231-72AF33C52FF5}.Debug|x86.Build.0 = Debug|Any CPU
		{B9FA98D2-007B-4F88-A231-72AF33C52FF5}.Release|Any CPU.ActiveCfg = Release|Any CPU
		{B9FA98D2-007B-4F88-A231-72AF33C52FF5}.Release|Any CPU.Build.0 = Release|Any CPU
		{B9FA98D2-007B-4F88-A231-72AF33C52FF5}.Release|x64.ActiveCfg = Release|Any CPU
		{B9FA98D2-007B-4F88-A231-72AF33C52FF5}.Release|x64.Build.0 = Release|Any CPU
		{B9FA98D2-007B-4F88-A231-72AF33C52FF5}.Release|x86.ActiveCfg = Release|Any CPU
		{B9FA98D2-007B-4F88-A231-72AF33C52FF5}.Release|x86.Build.0 = Release|Any CPU
		{39464856-948A-46D7-B565-97FE3897CB0F}.Debug|Any CPU.ActiveCfg = Debug|Any CPU
		{39464856-948A-46D7-B565-97FE3897CB0F}.Debug|Any CPU.Build.0 = Debug|Any CPU
		{39464856-948A-46D7-B565-97FE3897CB0F}.Debug|x64.ActiveCfg = Debug|Any CPU
		{39464856-948A-46D7-B565-97FE3897CB0F}.Debug|x64.Build.0 = Debug|Any CPU
		{39464856-948A-46D7-B565-97FE3897CB0F}.Debug|x86.ActiveCfg = Debug|Any CPU
		{39464856-948A-46D7-B565-97FE3897CB0F}.Debug|x86.Build.0 = Debug|Any CPU
		{39464856-948A-46D7-B565-97FE3897CB0F}.Release|Any CPU.ActiveCfg = Release|Any CPU
		{39464856-948A-46D7-B565-97FE3897CB0F}.Release|Any CPU.Build.0 = Release|Any CPU
		{39464856-948A-46D7-B565-97FE3897CB0F}.Release|x64.ActiveCfg = Release|Any CPU
		{39464856-948A-46D7-B565-97FE3897CB0F}.Release|x64.Build.0 = Release|Any CPU
		{39464856-948A-46D7-B565-97FE3897CB0F}.Release|x86.ActiveCfg = Release|Any CPU
		{39464856-948A-46D7-B565-97FE3897CB0F}.Release|x86.Build.0 = Release|Any CPU
		{5D59477D-0CAE-4771-BDC5-0DA036DF4D23}.Debug|Any CPU.ActiveCfg = Debug|Any CPU
		{5D59477D-0CAE-4771-BDC5-0DA036DF4D23}.Debug|Any CPU.Build.0 = Debug|Any CPU
		{5D59477D-0CAE-4771-BDC5-0DA036DF4D23}.Debug|x64.ActiveCfg = Debug|Any CPU
		{5D59477D-0CAE-4771-BDC5-0DA036DF4D23}.Debug|x64.Build.0 = Debug|Any CPU
		{5D59477D-0CAE-4771-BDC5-0DA036DF4D23}.Debug|x86.ActiveCfg = Debug|Any CPU
		{5D59477D-0CAE-4771-BDC5-0DA036DF4D23}.Debug|x86.Build.0 = Debug|Any CPU
		{5D59477D-0CAE-4771-BDC5-0DA036DF4D23}.Release|Any CPU.ActiveCfg = Release|Any CPU
		{5D59477D-0CAE-4771-BDC5-0DA036DF4D23}.Release|Any CPU.Build.0 = Release|Any CPU
		{5D59477D-0CAE-4771-BDC5-0DA036DF4D23}.Release|x64.ActiveCfg = Release|Any CPU
		{5D59477D-0CAE-4771-BDC5-0DA036DF4D23}.Release|x64.Build.0 = Release|Any CPU
		{5D59477D-0CAE-4771-BDC5-0DA036DF4D23}.Release|x86.ActiveCfg = Release|Any CPU
		{5D59477D-0CAE-4771-BDC5-0DA036DF4D23}.Release|x86.Build.0 = Release|Any CPU
		{08484719-1722-482E-8E42-869A66E4C388}.Debug|Any CPU.ActiveCfg = Debug|Any CPU
		{08484719-1722-482E-8E42-869A66E4C388}.Debug|Any CPU.Build.0 = Debug|Any CPU
		{08484719-1722-482E-8E42-869A66E4C388}.Debug|x64.ActiveCfg = Debug|Any CPU
		{08484719-1722-482E-8E42-869A66E4C388}.Debug|x64.Build.0 = Debug|Any CPU
		{08484719-1722-482E-8E42-869A66E4C388}.Debug|x86.ActiveCfg = Debug|Any CPU
		{08484719-1722-482E-8E42-869A66E4C388}.Debug|x86.Build.0 = Debug|Any CPU
		{08484719-1722-482E-8E42-869A66E4C388}.Release|Any CPU.ActiveCfg = Release|Any CPU
		{08484719-1722-482E-8E42-869A66E4C388}.Release|Any CPU.Build.0 = Release|Any CPU
		{08484719-1722-482E-8E42-869A66E4C388}.Release|x64.ActiveCfg = Release|Any CPU
		{08484719-1722-482E-8E42-869A66E4C388}.Release|x64.Build.0 = Release|Any CPU
		{08484719-1722-482E-8E42-869A66E4C388}.Release|x86.ActiveCfg = Release|Any CPU
		{08484719-1722-482E-8E42-869A66E4C388}.Release|x86.Build.0 = Release|Any CPU
		{80E4D12B-427B-417E-BD0B-6F1F2F4F1647}.Debug|Any CPU.ActiveCfg = Debug|Any CPU
		{80E4D12B-427B-417E-BD0B-6F1F2F4F1647}.Debug|Any CPU.Build.0 = Debug|Any CPU
		{80E4D12B-427B-417E-BD0B-6F1F2F4F1647}.Debug|x64.ActiveCfg = Debug|Any CPU
		{80E4D12B-427B-417E-BD0B-6F1F2F4F1647}.Debug|x64.Build.0 = Debug|Any CPU
		{80E4D12B-427B-417E-BD0B-6F1F2F4F1647}.Debug|x86.ActiveCfg = Debug|Any CPU
		{80E4D12B-427B-417E-BD0B-6F1F2F4F1647}.Debug|x86.Build.0 = Debug|Any CPU
		{80E4D12B-427B-417E-BD0B-6F1F2F4F1647}.Release|Any CPU.ActiveCfg = Release|Any CPU
		{80E4D12B-427B-417E-BD0B-6F1F2F4F1647}.Release|Any CPU.Build.0 = Release|Any CPU
		{80E4D12B-427B-417E-BD0B-6F1F2F4F1647}.Release|x64.ActiveCfg = Release|Any CPU
		{80E4D12B-427B-417E-BD0B-6F1F2F4F1647}.Release|x64.Build.0 = Release|Any CPU
		{80E4D12B-427B-417E-BD0B-6F1F2F4F1647}.Release|x86.ActiveCfg = Release|Any CPU
		{80E4D12B-427B-417E-BD0B-6F1F2F4F1647}.Release|x86.Build.0 = Release|Any CPU
		{53628471-32F7-4E83-B388-FB1C1C02ED13}.Debug|Any CPU.ActiveCfg = Debug|Any CPU
		{53628471-32F7-4E83-B388-FB1C1C02ED13}.Debug|Any CPU.Build.0 = Debug|Any CPU
		{53628471-32F7-4E83-B388-FB1C1C02ED13}.Debug|x64.ActiveCfg = Debug|Any CPU
		{53628471-32F7-4E83-B388-FB1C1C02ED13}.Debug|x64.Build.0 = Debug|Any CPU
		{53628471-32F7-4E83-B388-FB1C1C02ED13}.Debug|x86.ActiveCfg = Debug|Any CPU
		{53628471-32F7-4E83-B388-FB1C1C02ED13}.Debug|x86.Build.0 = Debug|Any CPU
		{53628471-32F7-4E83-B388-FB1C1C02ED13}.Release|Any CPU.ActiveCfg = Release|Any CPU
		{53628471-32F7-4E83-B388-FB1C1C02ED13}.Release|Any CPU.Build.0 = Release|Any CPU
		{53628471-32F7-4E83-B388-FB1C1C02ED13}.Release|x64.ActiveCfg = Release|Any CPU
		{53628471-32F7-4E83-B388-FB1C1C02ED13}.Release|x64.Build.0 = Release|Any CPU
		{53628471-32F7-4E83-B388-FB1C1C02ED13}.Release|x86.ActiveCfg = Release|Any CPU
		{53628471-32F7-4E83-B388-FB1C1C02ED13}.Release|x86.Build.0 = Release|Any CPU
		{576390B2-F861-49EB-8B1D-4EA65A1B926D}.Debug|Any CPU.ActiveCfg = Debug|Any CPU
		{576390B2-F861-49EB-8B1D-4EA65A1B926D}.Debug|Any CPU.Build.0 = Debug|Any CPU
		{576390B2-F861-49EB-8B1D-4EA65A1B926D}.Debug|x64.ActiveCfg = Debug|Any CPU
		{576390B2-F861-49EB-8B1D-4EA65A1B926D}.Debug|x64.Build.0 = Debug|Any CPU
		{576390B2-F861-49EB-8B1D-4EA65A1B926D}.Debug|x86.ActiveCfg = Debug|Any CPU
		{576390B2-F861-49EB-8B1D-4EA65A1B926D}.Debug|x86.Build.0 = Debug|Any CPU
		{576390B2-F861-49EB-8B1D-4EA65A1B926D}.Release|Any CPU.ActiveCfg = Release|Any CPU
		{576390B2-F861-49EB-8B1D-4EA65A1B926D}.Release|Any CPU.Build.0 = Release|Any CPU
		{576390B2-F861-49EB-8B1D-4EA65A1B926D}.Release|x64.ActiveCfg = Release|Any CPU
		{576390B2-F861-49EB-8B1D-4EA65A1B926D}.Release|x64.Build.0 = Release|Any CPU
		{576390B2-F861-49EB-8B1D-4EA65A1B926D}.Release|x86.ActiveCfg = Release|Any CPU
		{576390B2-F861-49EB-8B1D-4EA65A1B926D}.Release|x86.Build.0 = Release|Any CPU
		{6C5A5612-C666-45D1-8020-E01B8F6A7392}.Debug|Any CPU.ActiveCfg = Debug|Any CPU
		{6C5A5612-C666-45D1-8020-E01B8F6A7392}.Debug|Any CPU.Build.0 = Debug|Any CPU
		{6C5A5612-C666-45D1-8020-E01B8F6A7392}.Debug|x64.ActiveCfg = Debug|Any CPU
		{6C5A5612-C666-45D1-8020-E01B8F6A7392}.Debug|x64.Build.0 = Debug|Any CPU
		{6C5A5612-C666-45D1-8020-E01B8F6A7392}.Debug|x86.ActiveCfg = Debug|Any CPU
		{6C5A5612-C666-45D1-8020-E01B8F6A7392}.Debug|x86.Build.0 = Debug|Any CPU
		{6C5A5612-C666-45D1-8020-E01B8F6A7392}.Release|Any CPU.ActiveCfg = Release|Any CPU
		{6C5A5612-C666-45D1-8020-E01B8F6A7392}.Release|Any CPU.Build.0 = Release|Any CPU
		{6C5A5612-C666-45D1-8020-E01B8F6A7392}.Release|x64.ActiveCfg = Release|Any CPU
		{6C5A5612-C666-45D1-8020-E01B8F6A7392}.Release|x64.Build.0 = Release|Any CPU
		{6C5A5612-C666-45D1-8020-E01B8F6A7392}.Release|x86.ActiveCfg = Release|Any CPU
		{6C5A5612-C666-45D1-8020-E01B8F6A7392}.Release|x86.Build.0 = Release|Any CPU
		{3BD317B7-829C-49A2-A52D-80395D85EA1B}.Debug|Any CPU.ActiveCfg = Debug|Any CPU
		{3BD317B7-829C-49A2-A52D-80395D85EA1B}.Debug|Any CPU.Build.0 = Debug|Any CPU
		{3BD317B7-829C-49A2-A52D-80395D85EA1B}.Debug|x64.ActiveCfg = Debug|Any CPU
		{3BD317B7-829C-49A2-A52D-80395D85EA1B}.Debug|x64.Build.0 = Debug|Any CPU
		{3BD317B7-829C-49A2-A52D-80395D85EA1B}.Debug|x86.ActiveCfg = Debug|Any CPU
		{3BD317B7-829C-49A2-A52D-80395D85EA1B}.Debug|x86.Build.0 = Debug|Any CPU
		{3BD317B7-829C-49A2-A52D-80395D85EA1B}.Release|Any CPU.ActiveCfg = Release|Any CPU
		{3BD317B7-829C-49A2-A52D-80395D85EA1B}.Release|Any CPU.Build.0 = Release|Any CPU
		{3BD317B7-829C-49A2-A52D-80395D85EA1B}.Release|x64.ActiveCfg = Release|Any CPU
		{3BD317B7-829C-49A2-A52D-80395D85EA1B}.Release|x64.Build.0 = Release|Any CPU
		{3BD317B7-829C-49A2-A52D-80395D85EA1B}.Release|x86.ActiveCfg = Release|Any CPU
		{3BD317B7-829C-49A2-A52D-80395D85EA1B}.Release|x86.Build.0 = Release|Any CPU
		{0F8CDCC3-6851-44B9-9ABF-59D195219CD0}.Debug|Any CPU.ActiveCfg = Debug|Any CPU
		{0F8CDCC3-6851-44B9-9ABF-59D195219CD0}.Debug|Any CPU.Build.0 = Debug|Any CPU
		{0F8CDCC3-6851-44B9-9ABF-59D195219CD0}.Debug|x64.ActiveCfg = Debug|Any CPU
		{0F8CDCC3-6851-44B9-9ABF-59D195219CD0}.Debug|x64.Build.0 = Debug|Any CPU
		{0F8CDCC3-6851-44B9-9ABF-59D195219CD0}.Debug|x86.ActiveCfg = Debug|Any CPU
		{0F8CDCC3-6851-44B9-9ABF-59D195219CD0}.Debug|x86.Build.0 = Debug|Any CPU
		{0F8CDCC3-6851-44B9-9ABF-59D195219CD0}.Release|Any CPU.ActiveCfg = Release|Any CPU
		{0F8CDCC3-6851-44B9-9ABF-59D195219CD0}.Release|Any CPU.Build.0 = Release|Any CPU
		{0F8CDCC3-6851-44B9-9ABF-59D195219CD0}.Release|x64.ActiveCfg = Release|Any CPU
		{0F8CDCC3-6851-44B9-9ABF-59D195219CD0}.Release|x64.Build.0 = Release|Any CPU
		{0F8CDCC3-6851-44B9-9ABF-59D195219CD0}.Release|x86.ActiveCfg = Release|Any CPU
		{0F8CDCC3-6851-44B9-9ABF-59D195219CD0}.Release|x86.Build.0 = Release|Any CPU
		{142B6775-9B87-4614-92F9-E5EB142E4E85}.Debug|Any CPU.ActiveCfg = Debug|Any CPU
		{142B6775-9B87-4614-92F9-E5EB142E4E85}.Debug|Any CPU.Build.0 = Debug|Any CPU
		{142B6775-9B87-4614-92F9-E5EB142E4E85}.Debug|x64.ActiveCfg = Debug|Any CPU
		{142B6775-9B87-4614-92F9-E5EB142E4E85}.Debug|x64.Build.0 = Debug|Any CPU
		{142B6775-9B87-4614-92F9-E5EB142E4E85}.Debug|x86.ActiveCfg = Debug|Any CPU
		{142B6775-9B87-4614-92F9-E5EB142E4E85}.Debug|x86.Build.0 = Debug|Any CPU
		{142B6775-9B87-4614-92F9-E5EB142E4E85}.Release|Any CPU.ActiveCfg = Release|Any CPU
		{142B6775-9B87-4614-92F9-E5EB142E4E85}.Release|Any CPU.Build.0 = Release|Any CPU
		{142B6775-9B87-4614-92F9-E5EB142E4E85}.Release|x64.ActiveCfg = Release|Any CPU
		{142B6775-9B87-4614-92F9-E5EB142E4E85}.Release|x64.Build.0 = Release|Any CPU
		{142B6775-9B87-4614-92F9-E5EB142E4E85}.Release|x86.ActiveCfg = Release|Any CPU
		{142B6775-9B87-4614-92F9-E5EB142E4E85}.Release|x86.Build.0 = Release|Any CPU
		{71B915AD-D5E5-4781-9692-09CF76424A39}.Debug|Any CPU.ActiveCfg = Debug|Any CPU
		{71B915AD-D5E5-4781-9692-09CF76424A39}.Debug|Any CPU.Build.0 = Debug|Any CPU
		{71B915AD-D5E5-4781-9692-09CF76424A39}.Debug|x64.ActiveCfg = Debug|Any CPU
		{71B915AD-D5E5-4781-9692-09CF76424A39}.Debug|x64.Build.0 = Debug|Any CPU
		{71B915AD-D5E5-4781-9692-09CF76424A39}.Debug|x86.ActiveCfg = Debug|Any CPU
		{71B915AD-D5E5-4781-9692-09CF76424A39}.Debug|x86.Build.0 = Debug|Any CPU
		{71B915AD-D5E5-4781-9692-09CF76424A39}.Release|Any CPU.ActiveCfg = Release|Any CPU
		{71B915AD-D5E5-4781-9692-09CF76424A39}.Release|Any CPU.Build.0 = Release|Any CPU
		{71B915AD-D5E5-4781-9692-09CF76424A39}.Release|x64.ActiveCfg = Release|Any CPU
		{71B915AD-D5E5-4781-9692-09CF76424A39}.Release|x64.Build.0 = Release|Any CPU
		{71B915AD-D5E5-4781-9692-09CF76424A39}.Release|x86.ActiveCfg = Release|Any CPU
		{71B915AD-D5E5-4781-9692-09CF76424A39}.Release|x86.Build.0 = Release|Any CPU
		{CA969818-0BC6-4E76-BED3-52EF5A338E7D}.Debug|Any CPU.ActiveCfg = Debug|Any CPU
		{CA969818-0BC6-4E76-BED3-52EF5A338E7D}.Debug|Any CPU.Build.0 = Debug|Any CPU
		{CA969818-0BC6-4E76-BED3-52EF5A338E7D}.Debug|x64.ActiveCfg = Debug|Any CPU
		{CA969818-0BC6-4E76-BED3-52EF5A338E7D}.Debug|x64.Build.0 = Debug|Any CPU
		{CA969818-0BC6-4E76-BED3-52EF5A338E7D}.Debug|x86.ActiveCfg = Debug|Any CPU
		{CA969818-0BC6-4E76-BED3-52EF5A338E7D}.Debug|x86.Build.0 = Debug|Any CPU
		{CA969818-0BC6-4E76-BED3-52EF5A338E7D}.Release|Any CPU.ActiveCfg = Release|Any CPU
		{CA969818-0BC6-4E76-BED3-52EF5A338E7D}.Release|Any CPU.Build.0 = Release|Any CPU
		{CA969818-0BC6-4E76-BED3-52EF5A338E7D}.Release|x64.ActiveCfg = Release|Any CPU
		{CA969818-0BC6-4E76-BED3-52EF5A338E7D}.Release|x64.Build.0 = Release|Any CPU
		{CA969818-0BC6-4E76-BED3-52EF5A338E7D}.Release|x86.ActiveCfg = Release|Any CPU
		{CA969818-0BC6-4E76-BED3-52EF5A338E7D}.Release|x86.Build.0 = Release|Any CPU
		{F06793BF-49C8-498F-BAF5-2AB387701FA3}.Debug|Any CPU.ActiveCfg = Debug|Any CPU
		{F06793BF-49C8-498F-BAF5-2AB387701FA3}.Debug|Any CPU.Build.0 = Debug|Any CPU
		{F06793BF-49C8-498F-BAF5-2AB387701FA3}.Debug|x64.ActiveCfg = Debug|Any CPU
		{F06793BF-49C8-498F-BAF5-2AB387701FA3}.Debug|x64.Build.0 = Debug|Any CPU
		{F06793BF-49C8-498F-BAF5-2AB387701FA3}.Debug|x86.ActiveCfg = Debug|Any CPU
		{F06793BF-49C8-498F-BAF5-2AB387701FA3}.Debug|x86.Build.0 = Debug|Any CPU
		{F06793BF-49C8-498F-BAF5-2AB387701FA3}.Release|Any CPU.ActiveCfg = Release|Any CPU
		{F06793BF-49C8-498F-BAF5-2AB387701FA3}.Release|Any CPU.Build.0 = Release|Any CPU
		{F06793BF-49C8-498F-BAF5-2AB387701FA3}.Release|x64.ActiveCfg = Release|Any CPU
		{F06793BF-49C8-498F-BAF5-2AB387701FA3}.Release|x64.Build.0 = Release|Any CPU
		{F06793BF-49C8-498F-BAF5-2AB387701FA3}.Release|x86.ActiveCfg = Release|Any CPU
		{F06793BF-49C8-498F-BAF5-2AB387701FA3}.Release|x86.Build.0 = Release|Any CPU
		{9DB2CBD6-46BB-4774-9AE1-EF5E6DB1AC68}.Debug|Any CPU.ActiveCfg = Debug|Any CPU
		{9DB2CBD6-46BB-4774-9AE1-EF5E6DB1AC68}.Debug|Any CPU.Build.0 = Debug|Any CPU
		{9DB2CBD6-46BB-4774-9AE1-EF5E6DB1AC68}.Debug|x64.ActiveCfg = Debug|Any CPU
		{9DB2CBD6-46BB-4774-9AE1-EF5E6DB1AC68}.Debug|x64.Build.0 = Debug|Any CPU
		{9DB2CBD6-46BB-4774-9AE1-EF5E6DB1AC68}.Debug|x86.ActiveCfg = Debug|Any CPU
		{9DB2CBD6-46BB-4774-9AE1-EF5E6DB1AC68}.Debug|x86.Build.0 = Debug|Any CPU
		{9DB2CBD6-46BB-4774-9AE1-EF5E6DB1AC68}.Release|Any CPU.ActiveCfg = Release|Any CPU
		{9DB2CBD6-46BB-4774-9AE1-EF5E6DB1AC68}.Release|Any CPU.Build.0 = Release|Any CPU
		{9DB2CBD6-46BB-4774-9AE1-EF5E6DB1AC68}.Release|x64.ActiveCfg = Release|Any CPU
		{9DB2CBD6-46BB-4774-9AE1-EF5E6DB1AC68}.Release|x64.Build.0 = Release|Any CPU
		{9DB2CBD6-46BB-4774-9AE1-EF5E6DB1AC68}.Release|x86.ActiveCfg = Release|Any CPU
		{9DB2CBD6-46BB-4774-9AE1-EF5E6DB1AC68}.Release|x86.Build.0 = Release|Any CPU
		{6FCBC7F0-B47B-4AC1-A893-D64D97122707}.Debug|Any CPU.ActiveCfg = Debug|Any CPU
		{6FCBC7F0-B47B-4AC1-A893-D64D97122707}.Debug|Any CPU.Build.0 = Debug|Any CPU
		{6FCBC7F0-B47B-4AC1-A893-D64D97122707}.Debug|x64.ActiveCfg = Debug|Any CPU
		{6FCBC7F0-B47B-4AC1-A893-D64D97122707}.Debug|x64.Build.0 = Debug|Any CPU
		{6FCBC7F0-B47B-4AC1-A893-D64D97122707}.Debug|x86.ActiveCfg = Debug|Any CPU
		{6FCBC7F0-B47B-4AC1-A893-D64D97122707}.Debug|x86.Build.0 = Debug|Any CPU
		{6FCBC7F0-B47B-4AC1-A893-D64D97122707}.Release|Any CPU.ActiveCfg = Release|Any CPU
		{6FCBC7F0-B47B-4AC1-A893-D64D97122707}.Release|Any CPU.Build.0 = Release|Any CPU
		{6FCBC7F0-B47B-4AC1-A893-D64D97122707}.Release|x64.ActiveCfg = Release|Any CPU
		{6FCBC7F0-B47B-4AC1-A893-D64D97122707}.Release|x64.Build.0 = Release|Any CPU
		{6FCBC7F0-B47B-4AC1-A893-D64D97122707}.Release|x86.ActiveCfg = Release|Any CPU
		{6FCBC7F0-B47B-4AC1-A893-D64D97122707}.Release|x86.Build.0 = Release|Any CPU
		{B002300B-885A-4D14-8D11-E15280BDFA89}.Debug|Any CPU.ActiveCfg = Debug|Any CPU
		{B002300B-885A-4D14-8D11-E15280BDFA89}.Debug|Any CPU.Build.0 = Debug|Any CPU
		{B002300B-885A-4D14-8D11-E15280BDFA89}.Debug|x64.ActiveCfg = Debug|Any CPU
		{B002300B-885A-4D14-8D11-E15280BDFA89}.Debug|x64.Build.0 = Debug|Any CPU
		{B002300B-885A-4D14-8D11-E15280BDFA89}.Debug|x86.ActiveCfg = Debug|Any CPU
		{B002300B-885A-4D14-8D11-E15280BDFA89}.Debug|x86.Build.0 = Debug|Any CPU
		{B002300B-885A-4D14-8D11-E15280BDFA89}.Release|Any CPU.ActiveCfg = Release|Any CPU
		{B002300B-885A-4D14-8D11-E15280BDFA89}.Release|Any CPU.Build.0 = Release|Any CPU
		{B002300B-885A-4D14-8D11-E15280BDFA89}.Release|x64.ActiveCfg = Release|Any CPU
		{B002300B-885A-4D14-8D11-E15280BDFA89}.Release|x64.Build.0 = Release|Any CPU
		{B002300B-885A-4D14-8D11-E15280BDFA89}.Release|x86.ActiveCfg = Release|Any CPU
		{B002300B-885A-4D14-8D11-E15280BDFA89}.Release|x86.Build.0 = Release|Any CPU
		{BFA788DE-149C-42E7-A5F7-A73E833A9008}.Debug|Any CPU.ActiveCfg = Debug|Any CPU
		{BFA788DE-149C-42E7-A5F7-A73E833A9008}.Debug|Any CPU.Build.0 = Debug|Any CPU
		{BFA788DE-149C-42E7-A5F7-A73E833A9008}.Debug|x64.ActiveCfg = Debug|Any CPU
		{BFA788DE-149C-42E7-A5F7-A73E833A9008}.Debug|x64.Build.0 = Debug|Any CPU
		{BFA788DE-149C-42E7-A5F7-A73E833A9008}.Debug|x86.ActiveCfg = Debug|Any CPU
		{BFA788DE-149C-42E7-A5F7-A73E833A9008}.Debug|x86.Build.0 = Debug|Any CPU
		{BFA788DE-149C-42E7-A5F7-A73E833A9008}.Release|Any CPU.ActiveCfg = Release|Any CPU
		{BFA788DE-149C-42E7-A5F7-A73E833A9008}.Release|Any CPU.Build.0 = Release|Any CPU
		{BFA788DE-149C-42E7-A5F7-A73E833A9008}.Release|x64.ActiveCfg = Release|Any CPU
		{BFA788DE-149C-42E7-A5F7-A73E833A9008}.Release|x64.Build.0 = Release|Any CPU
		{BFA788DE-149C-42E7-A5F7-A73E833A9008}.Release|x86.ActiveCfg = Release|Any CPU
		{BFA788DE-149C-42E7-A5F7-A73E833A9008}.Release|x86.Build.0 = Release|Any CPU
		{B0F7E2FC-B2B7-4351-8E2F-9EB9AAD5353C}.Debug|Any CPU.ActiveCfg = Debug|Any CPU
		{B0F7E2FC-B2B7-4351-8E2F-9EB9AAD5353C}.Debug|Any CPU.Build.0 = Debug|Any CPU
		{B0F7E2FC-B2B7-4351-8E2F-9EB9AAD5353C}.Debug|x64.ActiveCfg = Debug|Any CPU
		{B0F7E2FC-B2B7-4351-8E2F-9EB9AAD5353C}.Debug|x64.Build.0 = Debug|Any CPU
		{B0F7E2FC-B2B7-4351-8E2F-9EB9AAD5353C}.Debug|x86.ActiveCfg = Debug|Any CPU
		{B0F7E2FC-B2B7-4351-8E2F-9EB9AAD5353C}.Debug|x86.Build.0 = Debug|Any CPU
		{B0F7E2FC-B2B7-4351-8E2F-9EB9AAD5353C}.Release|Any CPU.ActiveCfg = Release|Any CPU
		{B0F7E2FC-B2B7-4351-8E2F-9EB9AAD5353C}.Release|Any CPU.Build.0 = Release|Any CPU
		{B0F7E2FC-B2B7-4351-8E2F-9EB9AAD5353C}.Release|x64.ActiveCfg = Release|Any CPU
		{B0F7E2FC-B2B7-4351-8E2F-9EB9AAD5353C}.Release|x64.Build.0 = Release|Any CPU
		{B0F7E2FC-B2B7-4351-8E2F-9EB9AAD5353C}.Release|x86.ActiveCfg = Release|Any CPU
		{B0F7E2FC-B2B7-4351-8E2F-9EB9AAD5353C}.Release|x86.Build.0 = Release|Any CPU
		{9F910658-EFA3-41B5-B384-2F6D6382A4DD}.Debug|Any CPU.ActiveCfg = Debug|Any CPU
		{9F910658-EFA3-41B5-B384-2F6D6382A4DD}.Debug|Any CPU.Build.0 = Debug|Any CPU
		{9F910658-EFA3-41B5-B384-2F6D6382A4DD}.Debug|x64.ActiveCfg = Debug|Any CPU
		{9F910658-EFA3-41B5-B384-2F6D6382A4DD}.Debug|x64.Build.0 = Debug|Any CPU
		{9F910658-EFA3-41B5-B384-2F6D6382A4DD}.Debug|x86.ActiveCfg = Debug|Any CPU
		{9F910658-EFA3-41B5-B384-2F6D6382A4DD}.Debug|x86.Build.0 = Debug|Any CPU
		{9F910658-EFA3-41B5-B384-2F6D6382A4DD}.Release|Any CPU.ActiveCfg = Release|Any CPU
		{9F910658-EFA3-41B5-B384-2F6D6382A4DD}.Release|Any CPU.Build.0 = Release|Any CPU
		{9F910658-EFA3-41B5-B384-2F6D6382A4DD}.Release|x64.ActiveCfg = Release|Any CPU
		{9F910658-EFA3-41B5-B384-2F6D6382A4DD}.Release|x64.Build.0 = Release|Any CPU
		{9F910658-EFA3-41B5-B384-2F6D6382A4DD}.Release|x86.ActiveCfg = Release|Any CPU
		{9F910658-EFA3-41B5-B384-2F6D6382A4DD}.Release|x86.Build.0 = Release|Any CPU
		{931A3A8E-7FCF-4DA8-9514-D6C44CD7ECCF}.Debug|Any CPU.ActiveCfg = Debug|Any CPU
		{931A3A8E-7FCF-4DA8-9514-D6C44CD7ECCF}.Debug|Any CPU.Build.0 = Debug|Any CPU
		{931A3A8E-7FCF-4DA8-9514-D6C44CD7ECCF}.Debug|x64.ActiveCfg = Debug|Any CPU
		{931A3A8E-7FCF-4DA8-9514-D6C44CD7ECCF}.Debug|x64.Build.0 = Debug|Any CPU
		{931A3A8E-7FCF-4DA8-9514-D6C44CD7ECCF}.Debug|x86.ActiveCfg = Debug|Any CPU
		{931A3A8E-7FCF-4DA8-9514-D6C44CD7ECCF}.Debug|x86.Build.0 = Debug|Any CPU
		{931A3A8E-7FCF-4DA8-9514-D6C44CD7ECCF}.Release|Any CPU.ActiveCfg = Release|Any CPU
		{931A3A8E-7FCF-4DA8-9514-D6C44CD7ECCF}.Release|Any CPU.Build.0 = Release|Any CPU
		{931A3A8E-7FCF-4DA8-9514-D6C44CD7ECCF}.Release|x64.ActiveCfg = Release|Any CPU
		{931A3A8E-7FCF-4DA8-9514-D6C44CD7ECCF}.Release|x64.Build.0 = Release|Any CPU
		{931A3A8E-7FCF-4DA8-9514-D6C44CD7ECCF}.Release|x86.ActiveCfg = Release|Any CPU
		{931A3A8E-7FCF-4DA8-9514-D6C44CD7ECCF}.Release|x86.Build.0 = Release|Any CPU
		{12411609-EE26-47F0-9DD0-36D8A5348E2C}.Debug|Any CPU.ActiveCfg = Debug|Any CPU
		{12411609-EE26-47F0-9DD0-36D8A5348E2C}.Debug|Any CPU.Build.0 = Debug|Any CPU
		{12411609-EE26-47F0-9DD0-36D8A5348E2C}.Debug|x64.ActiveCfg = Debug|Any CPU
		{12411609-EE26-47F0-9DD0-36D8A5348E2C}.Debug|x64.Build.0 = Debug|Any CPU
		{12411609-EE26-47F0-9DD0-36D8A5348E2C}.Debug|x86.ActiveCfg = Debug|Any CPU
		{12411609-EE26-47F0-9DD0-36D8A5348E2C}.Debug|x86.Build.0 = Debug|Any CPU
		{12411609-EE26-47F0-9DD0-36D8A5348E2C}.Release|Any CPU.ActiveCfg = Release|Any CPU
		{12411609-EE26-47F0-9DD0-36D8A5348E2C}.Release|Any CPU.Build.0 = Release|Any CPU
		{12411609-EE26-47F0-9DD0-36D8A5348E2C}.Release|x64.ActiveCfg = Release|Any CPU
		{12411609-EE26-47F0-9DD0-36D8A5348E2C}.Release|x64.Build.0 = Release|Any CPU
		{12411609-EE26-47F0-9DD0-36D8A5348E2C}.Release|x86.ActiveCfg = Release|Any CPU
		{12411609-EE26-47F0-9DD0-36D8A5348E2C}.Release|x86.Build.0 = Release|Any CPU
		{2BCA372D-AA07-4811-B990-E356DF89068E}.Debug|Any CPU.ActiveCfg = Debug|Any CPU
		{2BCA372D-AA07-4811-B990-E356DF89068E}.Debug|Any CPU.Build.0 = Debug|Any CPU
		{2BCA372D-AA07-4811-B990-E356DF89068E}.Debug|x64.ActiveCfg = Debug|Any CPU
		{2BCA372D-AA07-4811-B990-E356DF89068E}.Debug|x64.Build.0 = Debug|Any CPU
		{2BCA372D-AA07-4811-B990-E356DF89068E}.Debug|x86.ActiveCfg = Debug|Any CPU
		{2BCA372D-AA07-4811-B990-E356DF89068E}.Debug|x86.Build.0 = Debug|Any CPU
		{2BCA372D-AA07-4811-B990-E356DF89068E}.Release|Any CPU.ActiveCfg = Release|Any CPU
		{2BCA372D-AA07-4811-B990-E356DF89068E}.Release|Any CPU.Build.0 = Release|Any CPU
		{2BCA372D-AA07-4811-B990-E356DF89068E}.Release|x64.ActiveCfg = Release|Any CPU
		{2BCA372D-AA07-4811-B990-E356DF89068E}.Release|x64.Build.0 = Release|Any CPU
		{2BCA372D-AA07-4811-B990-E356DF89068E}.Release|x86.ActiveCfg = Release|Any CPU
		{2BCA372D-AA07-4811-B990-E356DF89068E}.Release|x86.Build.0 = Release|Any CPU
		{F09ED325-5163-471F-8666-4309869C2454}.Debug|Any CPU.ActiveCfg = Debug|Any CPU
		{F09ED325-5163-471F-8666-4309869C2454}.Debug|Any CPU.Build.0 = Debug|Any CPU
		{F09ED325-5163-471F-8666-4309869C2454}.Debug|x64.ActiveCfg = Debug|Any CPU
		{F09ED325-5163-471F-8666-4309869C2454}.Debug|x64.Build.0 = Debug|Any CPU
		{F09ED325-5163-471F-8666-4309869C2454}.Debug|x86.ActiveCfg = Debug|Any CPU
		{F09ED325-5163-471F-8666-4309869C2454}.Debug|x86.Build.0 = Debug|Any CPU
		{F09ED325-5163-471F-8666-4309869C2454}.Release|Any CPU.ActiveCfg = Release|Any CPU
		{F09ED325-5163-471F-8666-4309869C2454}.Release|Any CPU.Build.0 = Release|Any CPU
		{F09ED325-5163-471F-8666-4309869C2454}.Release|x64.ActiveCfg = Release|Any CPU
		{F09ED325-5163-471F-8666-4309869C2454}.Release|x64.Build.0 = Release|Any CPU
		{F09ED325-5163-471F-8666-4309869C2454}.Release|x86.ActiveCfg = Release|Any CPU
		{F09ED325-5163-471F-8666-4309869C2454}.Release|x86.Build.0 = Release|Any CPU
		{A7E63AB9-60F8-4F2F-8F90-6B097479A6E6}.Debug|Any CPU.ActiveCfg = Debug|Any CPU
		{A7E63AB9-60F8-4F2F-8F90-6B097479A6E6}.Debug|Any CPU.Build.0 = Debug|Any CPU
		{A7E63AB9-60F8-4F2F-8F90-6B097479A6E6}.Debug|x64.ActiveCfg = Debug|Any CPU
		{A7E63AB9-60F8-4F2F-8F90-6B097479A6E6}.Debug|x64.Build.0 = Debug|Any CPU
		{A7E63AB9-60F8-4F2F-8F90-6B097479A6E6}.Debug|x86.ActiveCfg = Debug|Any CPU
		{A7E63AB9-60F8-4F2F-8F90-6B097479A6E6}.Debug|x86.Build.0 = Debug|Any CPU
		{A7E63AB9-60F8-4F2F-8F90-6B097479A6E6}.Release|Any CPU.ActiveCfg = Release|Any CPU
		{A7E63AB9-60F8-4F2F-8F90-6B097479A6E6}.Release|Any CPU.Build.0 = Release|Any CPU
		{A7E63AB9-60F8-4F2F-8F90-6B097479A6E6}.Release|x64.ActiveCfg = Release|Any CPU
		{A7E63AB9-60F8-4F2F-8F90-6B097479A6E6}.Release|x64.Build.0 = Release|Any CPU
		{A7E63AB9-60F8-4F2F-8F90-6B097479A6E6}.Release|x86.ActiveCfg = Release|Any CPU
		{A7E63AB9-60F8-4F2F-8F90-6B097479A6E6}.Release|x86.Build.0 = Release|Any CPU
		{3E1E42FC-C050-4E53-B123-FC73303B4207}.Debug|Any CPU.ActiveCfg = Debug|Any CPU
		{3E1E42FC-C050-4E53-B123-FC73303B4207}.Debug|Any CPU.Build.0 = Debug|Any CPU
		{3E1E42FC-C050-4E53-B123-FC73303B4207}.Debug|x64.ActiveCfg = Debug|Any CPU
		{3E1E42FC-C050-4E53-B123-FC73303B4207}.Debug|x64.Build.0 = Debug|Any CPU
		{3E1E42FC-C050-4E53-B123-FC73303B4207}.Debug|x86.ActiveCfg = Debug|Any CPU
		{3E1E42FC-C050-4E53-B123-FC73303B4207}.Debug|x86.Build.0 = Debug|Any CPU
		{3E1E42FC-C050-4E53-B123-FC73303B4207}.Release|Any CPU.ActiveCfg = Release|Any CPU
		{3E1E42FC-C050-4E53-B123-FC73303B4207}.Release|Any CPU.Build.0 = Release|Any CPU
		{3E1E42FC-C050-4E53-B123-FC73303B4207}.Release|x64.ActiveCfg = Release|Any CPU
		{3E1E42FC-C050-4E53-B123-FC73303B4207}.Release|x64.Build.0 = Release|Any CPU
		{3E1E42FC-C050-4E53-B123-FC73303B4207}.Release|x86.ActiveCfg = Release|Any CPU
		{3E1E42FC-C050-4E53-B123-FC73303B4207}.Release|x86.Build.0 = Release|Any CPU
		{4FAB3259-B524-426E-B0EC-C400A52F9CF3}.Debug|Any CPU.ActiveCfg = Debug|Any CPU
		{4FAB3259-B524-426E-B0EC-C400A52F9CF3}.Debug|Any CPU.Build.0 = Debug|Any CPU
		{4FAB3259-B524-426E-B0EC-C400A52F9CF3}.Debug|x64.ActiveCfg = Debug|Any CPU
		{4FAB3259-B524-426E-B0EC-C400A52F9CF3}.Debug|x64.Build.0 = Debug|Any CPU
		{4FAB3259-B524-426E-B0EC-C400A52F9CF3}.Debug|x86.ActiveCfg = Debug|Any CPU
		{4FAB3259-B524-426E-B0EC-C400A52F9CF3}.Debug|x86.Build.0 = Debug|Any CPU
		{4FAB3259-B524-426E-B0EC-C400A52F9CF3}.Release|Any CPU.ActiveCfg = Release|Any CPU
		{4FAB3259-B524-426E-B0EC-C400A52F9CF3}.Release|Any CPU.Build.0 = Release|Any CPU
		{4FAB3259-B524-426E-B0EC-C400A52F9CF3}.Release|x64.ActiveCfg = Release|Any CPU
		{4FAB3259-B524-426E-B0EC-C400A52F9CF3}.Release|x64.Build.0 = Release|Any CPU
		{4FAB3259-B524-426E-B0EC-C400A52F9CF3}.Release|x86.ActiveCfg = Release|Any CPU
		{4FAB3259-B524-426E-B0EC-C400A52F9CF3}.Release|x86.Build.0 = Release|Any CPU
		{B50E9B60-D07E-4A97-9AB5-A659A07DCE79}.Debug|Any CPU.ActiveCfg = Debug|Any CPU
		{B50E9B60-D07E-4A97-9AB5-A659A07DCE79}.Debug|Any CPU.Build.0 = Debug|Any CPU
		{B50E9B60-D07E-4A97-9AB5-A659A07DCE79}.Debug|x64.ActiveCfg = Debug|Any CPU
		{B50E9B60-D07E-4A97-9AB5-A659A07DCE79}.Debug|x64.Build.0 = Debug|Any CPU
		{B50E9B60-D07E-4A97-9AB5-A659A07DCE79}.Debug|x86.ActiveCfg = Debug|Any CPU
		{B50E9B60-D07E-4A97-9AB5-A659A07DCE79}.Debug|x86.Build.0 = Debug|Any CPU
		{B50E9B60-D07E-4A97-9AB5-A659A07DCE79}.Release|Any CPU.ActiveCfg = Release|Any CPU
		{B50E9B60-D07E-4A97-9AB5-A659A07DCE79}.Release|Any CPU.Build.0 = Release|Any CPU
		{B50E9B60-D07E-4A97-9AB5-A659A07DCE79}.Release|x64.ActiveCfg = Release|Any CPU
		{B50E9B60-D07E-4A97-9AB5-A659A07DCE79}.Release|x64.Build.0 = Release|Any CPU
		{B50E9B60-D07E-4A97-9AB5-A659A07DCE79}.Release|x86.ActiveCfg = Release|Any CPU
		{B50E9B60-D07E-4A97-9AB5-A659A07DCE79}.Release|x86.Build.0 = Release|Any CPU
		{0A9F433E-E23E-4F86-A04F-8B67CE0A6568}.Debug|Any CPU.ActiveCfg = Debug|Any CPU
		{0A9F433E-E23E-4F86-A04F-8B67CE0A6568}.Debug|Any CPU.Build.0 = Debug|Any CPU
		{0A9F433E-E23E-4F86-A04F-8B67CE0A6568}.Debug|x64.ActiveCfg = Debug|Any CPU
		{0A9F433E-E23E-4F86-A04F-8B67CE0A6568}.Debug|x64.Build.0 = Debug|Any CPU
		{0A9F433E-E23E-4F86-A04F-8B67CE0A6568}.Debug|x86.ActiveCfg = Debug|Any CPU
		{0A9F433E-E23E-4F86-A04F-8B67CE0A6568}.Debug|x86.Build.0 = Debug|Any CPU
		{0A9F433E-E23E-4F86-A04F-8B67CE0A6568}.Release|Any CPU.ActiveCfg = Release|Any CPU
		{0A9F433E-E23E-4F86-A04F-8B67CE0A6568}.Release|Any CPU.Build.0 = Release|Any CPU
		{0A9F433E-E23E-4F86-A04F-8B67CE0A6568}.Release|x64.ActiveCfg = Release|Any CPU
		{0A9F433E-E23E-4F86-A04F-8B67CE0A6568}.Release|x64.Build.0 = Release|Any CPU
		{0A9F433E-E23E-4F86-A04F-8B67CE0A6568}.Release|x86.ActiveCfg = Release|Any CPU
		{0A9F433E-E23E-4F86-A04F-8B67CE0A6568}.Release|x86.Build.0 = Release|Any CPU
		{7D06B399-AF7E-491E-8379-88CB8CA86140}.Debug|Any CPU.ActiveCfg = Debug|Any CPU
		{7D06B399-AF7E-491E-8379-88CB8CA86140}.Debug|Any CPU.Build.0 = Debug|Any CPU
		{7D06B399-AF7E-491E-8379-88CB8CA86140}.Debug|x64.ActiveCfg = Debug|Any CPU
		{7D06B399-AF7E-491E-8379-88CB8CA86140}.Debug|x64.Build.0 = Debug|Any CPU
		{7D06B399-AF7E-491E-8379-88CB8CA86140}.Debug|x86.ActiveCfg = Debug|Any CPU
		{7D06B399-AF7E-491E-8379-88CB8CA86140}.Debug|x86.Build.0 = Debug|Any CPU
		{7D06B399-AF7E-491E-8379-88CB8CA86140}.Release|Any CPU.ActiveCfg = Release|Any CPU
		{7D06B399-AF7E-491E-8379-88CB8CA86140}.Release|Any CPU.Build.0 = Release|Any CPU
		{7D06B399-AF7E-491E-8379-88CB8CA86140}.Release|x64.ActiveCfg = Release|Any CPU
		{7D06B399-AF7E-491E-8379-88CB8CA86140}.Release|x64.Build.0 = Release|Any CPU
		{7D06B399-AF7E-491E-8379-88CB8CA86140}.Release|x86.ActiveCfg = Release|Any CPU
		{7D06B399-AF7E-491E-8379-88CB8CA86140}.Release|x86.Build.0 = Release|Any CPU
		{F4C64B63-2975-46C7-8BA5-9684FDAECB75}.Debug|Any CPU.ActiveCfg = Debug|Any CPU
		{F4C64B63-2975-46C7-8BA5-9684FDAECB75}.Debug|Any CPU.Build.0 = Debug|Any CPU
		{F4C64B63-2975-46C7-8BA5-9684FDAECB75}.Debug|x64.ActiveCfg = Debug|Any CPU
		{F4C64B63-2975-46C7-8BA5-9684FDAECB75}.Debug|x64.Build.0 = Debug|Any CPU
		{F4C64B63-2975-46C7-8BA5-9684FDAECB75}.Debug|x86.ActiveCfg = Debug|Any CPU
		{F4C64B63-2975-46C7-8BA5-9684FDAECB75}.Debug|x86.Build.0 = Debug|Any CPU
		{F4C64B63-2975-46C7-8BA5-9684FDAECB75}.Release|Any CPU.ActiveCfg = Release|Any CPU
		{F4C64B63-2975-46C7-8BA5-9684FDAECB75}.Release|Any CPU.Build.0 = Release|Any CPU
		{F4C64B63-2975-46C7-8BA5-9684FDAECB75}.Release|x64.ActiveCfg = Release|Any CPU
		{F4C64B63-2975-46C7-8BA5-9684FDAECB75}.Release|x64.Build.0 = Release|Any CPU
		{F4C64B63-2975-46C7-8BA5-9684FDAECB75}.Release|x86.ActiveCfg = Release|Any CPU
		{F4C64B63-2975-46C7-8BA5-9684FDAECB75}.Release|x86.Build.0 = Release|Any CPU
		{3D128FB6-010F-405E-A131-7318BE4B8BC7}.Debug|Any CPU.ActiveCfg = Debug|Any CPU
		{3D128FB6-010F-405E-A131-7318BE4B8BC7}.Debug|Any CPU.Build.0 = Debug|Any CPU
		{3D128FB6-010F-405E-A131-7318BE4B8BC7}.Debug|x64.ActiveCfg = Debug|Any CPU
		{3D128FB6-010F-405E-A131-7318BE4B8BC7}.Debug|x64.Build.0 = Debug|Any CPU
		{3D128FB6-010F-405E-A131-7318BE4B8BC7}.Debug|x86.ActiveCfg = Debug|Any CPU
		{3D128FB6-010F-405E-A131-7318BE4B8BC7}.Debug|x86.Build.0 = Debug|Any CPU
		{3D128FB6-010F-405E-A131-7318BE4B8BC7}.Release|Any CPU.ActiveCfg = Release|Any CPU
		{3D128FB6-010F-405E-A131-7318BE4B8BC7}.Release|Any CPU.Build.0 = Release|Any CPU
		{3D128FB6-010F-405E-A131-7318BE4B8BC7}.Release|x64.ActiveCfg = Release|Any CPU
		{3D128FB6-010F-405E-A131-7318BE4B8BC7}.Release|x64.Build.0 = Release|Any CPU
		{3D128FB6-010F-405E-A131-7318BE4B8BC7}.Release|x86.ActiveCfg = Release|Any CPU
		{3D128FB6-010F-405E-A131-7318BE4B8BC7}.Release|x86.Build.0 = Release|Any CPU
		{1BE001F7-D319-483E-8EDE-5C54477D2EEE}.Debug|Any CPU.ActiveCfg = Debug|Any CPU
		{1BE001F7-D319-483E-8EDE-5C54477D2EEE}.Debug|Any CPU.Build.0 = Debug|Any CPU
		{1BE001F7-D319-483E-8EDE-5C54477D2EEE}.Debug|x64.ActiveCfg = Debug|Any CPU
		{1BE001F7-D319-483E-8EDE-5C54477D2EEE}.Debug|x64.Build.0 = Debug|Any CPU
		{1BE001F7-D319-483E-8EDE-5C54477D2EEE}.Debug|x86.ActiveCfg = Debug|Any CPU
		{1BE001F7-D319-483E-8EDE-5C54477D2EEE}.Debug|x86.Build.0 = Debug|Any CPU
		{1BE001F7-D319-483E-8EDE-5C54477D2EEE}.Release|Any CPU.ActiveCfg = Release|Any CPU
		{1BE001F7-D319-483E-8EDE-5C54477D2EEE}.Release|Any CPU.Build.0 = Release|Any CPU
		{1BE001F7-D319-483E-8EDE-5C54477D2EEE}.Release|x64.ActiveCfg = Release|Any CPU
		{1BE001F7-D319-483E-8EDE-5C54477D2EEE}.Release|x64.Build.0 = Release|Any CPU
		{1BE001F7-D319-483E-8EDE-5C54477D2EEE}.Release|x86.ActiveCfg = Release|Any CPU
		{1BE001F7-D319-483E-8EDE-5C54477D2EEE}.Release|x86.Build.0 = Release|Any CPU
		{2E685779-DEE8-48D8-8F82-04F51B4FDC09}.Debug|Any CPU.ActiveCfg = Debug|Any CPU
		{2E685779-DEE8-48D8-8F82-04F51B4FDC09}.Debug|Any CPU.Build.0 = Debug|Any CPU
		{2E685779-DEE8-48D8-8F82-04F51B4FDC09}.Debug|x64.ActiveCfg = Debug|Any CPU
		{2E685779-DEE8-48D8-8F82-04F51B4FDC09}.Debug|x64.Build.0 = Debug|Any CPU
		{2E685779-DEE8-48D8-8F82-04F51B4FDC09}.Debug|x86.ActiveCfg = Debug|Any CPU
		{2E685779-DEE8-48D8-8F82-04F51B4FDC09}.Debug|x86.Build.0 = Debug|Any CPU
		{2E685779-DEE8-48D8-8F82-04F51B4FDC09}.Release|Any CPU.ActiveCfg = Release|Any CPU
		{2E685779-DEE8-48D8-8F82-04F51B4FDC09}.Release|Any CPU.Build.0 = Release|Any CPU
		{2E685779-DEE8-48D8-8F82-04F51B4FDC09}.Release|x64.ActiveCfg = Release|Any CPU
		{2E685779-DEE8-48D8-8F82-04F51B4FDC09}.Release|x64.Build.0 = Release|Any CPU
		{2E685779-DEE8-48D8-8F82-04F51B4FDC09}.Release|x86.ActiveCfg = Release|Any CPU
		{2E685779-DEE8-48D8-8F82-04F51B4FDC09}.Release|x86.Build.0 = Release|Any CPU
		{C4407014-5F13-426B-980A-4FA163CA48B0}.Debug|Any CPU.ActiveCfg = Debug|Any CPU
		{C4407014-5F13-426B-980A-4FA163CA48B0}.Debug|Any CPU.Build.0 = Debug|Any CPU
		{C4407014-5F13-426B-980A-4FA163CA48B0}.Debug|x64.ActiveCfg = Debug|Any CPU
		{C4407014-5F13-426B-980A-4FA163CA48B0}.Debug|x64.Build.0 = Debug|Any CPU
		{C4407014-5F13-426B-980A-4FA163CA48B0}.Debug|x86.ActiveCfg = Debug|Any CPU
		{C4407014-5F13-426B-980A-4FA163CA48B0}.Debug|x86.Build.0 = Debug|Any CPU
		{C4407014-5F13-426B-980A-4FA163CA48B0}.Release|Any CPU.ActiveCfg = Release|Any CPU
		{C4407014-5F13-426B-980A-4FA163CA48B0}.Release|Any CPU.Build.0 = Release|Any CPU
		{C4407014-5F13-426B-980A-4FA163CA48B0}.Release|x64.ActiveCfg = Release|Any CPU
		{C4407014-5F13-426B-980A-4FA163CA48B0}.Release|x64.Build.0 = Release|Any CPU
		{C4407014-5F13-426B-980A-4FA163CA48B0}.Release|x86.ActiveCfg = Release|Any CPU
		{C4407014-5F13-426B-980A-4FA163CA48B0}.Release|x86.Build.0 = Release|Any CPU
		{22125463-D91A-46AD-9609-3C7808145197}.Debug|Any CPU.ActiveCfg = Debug|Any CPU
		{22125463-D91A-46AD-9609-3C7808145197}.Debug|Any CPU.Build.0 = Debug|Any CPU
		{22125463-D91A-46AD-9609-3C7808145197}.Debug|x64.ActiveCfg = Debug|Any CPU
		{22125463-D91A-46AD-9609-3C7808145197}.Debug|x64.Build.0 = Debug|Any CPU
		{22125463-D91A-46AD-9609-3C7808145197}.Debug|x86.ActiveCfg = Debug|Any CPU
		{22125463-D91A-46AD-9609-3C7808145197}.Debug|x86.Build.0 = Debug|Any CPU
		{22125463-D91A-46AD-9609-3C7808145197}.Release|Any CPU.ActiveCfg = Release|Any CPU
		{22125463-D91A-46AD-9609-3C7808145197}.Release|Any CPU.Build.0 = Release|Any CPU
		{22125463-D91A-46AD-9609-3C7808145197}.Release|x64.ActiveCfg = Release|Any CPU
		{22125463-D91A-46AD-9609-3C7808145197}.Release|x64.Build.0 = Release|Any CPU
		{22125463-D91A-46AD-9609-3C7808145197}.Release|x86.ActiveCfg = Release|Any CPU
		{22125463-D91A-46AD-9609-3C7808145197}.Release|x86.Build.0 = Release|Any CPU
		{5294ED42-D51C-4201-B1DD-6C0B0DAD6FD8}.Debug|Any CPU.ActiveCfg = Debug|Any CPU
		{5294ED42-D51C-4201-B1DD-6C0B0DAD6FD8}.Debug|Any CPU.Build.0 = Debug|Any CPU
		{5294ED42-D51C-4201-B1DD-6C0B0DAD6FD8}.Debug|x64.ActiveCfg = Debug|Any CPU
		{5294ED42-D51C-4201-B1DD-6C0B0DAD6FD8}.Debug|x64.Build.0 = Debug|Any CPU
		{5294ED42-D51C-4201-B1DD-6C0B0DAD6FD8}.Debug|x86.ActiveCfg = Debug|Any CPU
		{5294ED42-D51C-4201-B1DD-6C0B0DAD6FD8}.Debug|x86.Build.0 = Debug|Any CPU
		{5294ED42-D51C-4201-B1DD-6C0B0DAD6FD8}.Release|Any CPU.ActiveCfg = Release|Any CPU
		{5294ED42-D51C-4201-B1DD-6C0B0DAD6FD8}.Release|Any CPU.Build.0 = Release|Any CPU
		{5294ED42-D51C-4201-B1DD-6C0B0DAD6FD8}.Release|x64.ActiveCfg = Release|Any CPU
		{5294ED42-D51C-4201-B1DD-6C0B0DAD6FD8}.Release|x64.Build.0 = Release|Any CPU
		{5294ED42-D51C-4201-B1DD-6C0B0DAD6FD8}.Release|x86.ActiveCfg = Release|Any CPU
		{5294ED42-D51C-4201-B1DD-6C0B0DAD6FD8}.Release|x86.Build.0 = Release|Any CPU
		{738CCE73-9275-4E26-8A6B-7A3B5DB58A98}.Debug|Any CPU.ActiveCfg = Debug|Any CPU
		{738CCE73-9275-4E26-8A6B-7A3B5DB58A98}.Debug|Any CPU.Build.0 = Debug|Any CPU
		{738CCE73-9275-4E26-8A6B-7A3B5DB58A98}.Debug|x64.ActiveCfg = Debug|Any CPU
		{738CCE73-9275-4E26-8A6B-7A3B5DB58A98}.Debug|x64.Build.0 = Debug|Any CPU
		{738CCE73-9275-4E26-8A6B-7A3B5DB58A98}.Debug|x86.ActiveCfg = Debug|Any CPU
		{738CCE73-9275-4E26-8A6B-7A3B5DB58A98}.Debug|x86.Build.0 = Debug|Any CPU
		{738CCE73-9275-4E26-8A6B-7A3B5DB58A98}.Release|Any CPU.ActiveCfg = Release|Any CPU
		{738CCE73-9275-4E26-8A6B-7A3B5DB58A98}.Release|Any CPU.Build.0 = Release|Any CPU
		{738CCE73-9275-4E26-8A6B-7A3B5DB58A98}.Release|x64.ActiveCfg = Release|Any CPU
		{738CCE73-9275-4E26-8A6B-7A3B5DB58A98}.Release|x64.Build.0 = Release|Any CPU
		{738CCE73-9275-4E26-8A6B-7A3B5DB58A98}.Release|x86.ActiveCfg = Release|Any CPU
		{738CCE73-9275-4E26-8A6B-7A3B5DB58A98}.Release|x86.Build.0 = Release|Any CPU
		{75951CF3-AB6F-4389-B565-AFD39E426F83}.Debug|Any CPU.ActiveCfg = Debug|Any CPU
		{75951CF3-AB6F-4389-B565-AFD39E426F83}.Debug|Any CPU.Build.0 = Debug|Any CPU
		{75951CF3-AB6F-4389-B565-AFD39E426F83}.Debug|x64.ActiveCfg = Debug|Any CPU
		{75951CF3-AB6F-4389-B565-AFD39E426F83}.Debug|x64.Build.0 = Debug|Any CPU
		{75951CF3-AB6F-4389-B565-AFD39E426F83}.Debug|x86.ActiveCfg = Debug|Any CPU
		{75951CF3-AB6F-4389-B565-AFD39E426F83}.Debug|x86.Build.0 = Debug|Any CPU
		{75951CF3-AB6F-4389-B565-AFD39E426F83}.Release|Any CPU.ActiveCfg = Release|Any CPU
		{75951CF3-AB6F-4389-B565-AFD39E426F83}.Release|Any CPU.Build.0 = Release|Any CPU
		{75951CF3-AB6F-4389-B565-AFD39E426F83}.Release|x64.ActiveCfg = Release|Any CPU
		{75951CF3-AB6F-4389-B565-AFD39E426F83}.Release|x64.Build.0 = Release|Any CPU
		{75951CF3-AB6F-4389-B565-AFD39E426F83}.Release|x86.ActiveCfg = Release|Any CPU
		{75951CF3-AB6F-4389-B565-AFD39E426F83}.Release|x86.Build.0 = Release|Any CPU
		{C297F0B4-9D84-4B97-8614-5FD93C1A0EED}.Debug|Any CPU.ActiveCfg = Debug|Any CPU
		{C297F0B4-9D84-4B97-8614-5FD93C1A0EED}.Debug|Any CPU.Build.0 = Debug|Any CPU
		{C297F0B4-9D84-4B97-8614-5FD93C1A0EED}.Debug|x64.ActiveCfg = Debug|Any CPU
		{C297F0B4-9D84-4B97-8614-5FD93C1A0EED}.Debug|x64.Build.0 = Debug|Any CPU
		{C297F0B4-9D84-4B97-8614-5FD93C1A0EED}.Debug|x86.ActiveCfg = Debug|Any CPU
		{C297F0B4-9D84-4B97-8614-5FD93C1A0EED}.Debug|x86.Build.0 = Debug|Any CPU
		{C297F0B4-9D84-4B97-8614-5FD93C1A0EED}.Release|Any CPU.ActiveCfg = Release|Any CPU
		{C297F0B4-9D84-4B97-8614-5FD93C1A0EED}.Release|Any CPU.Build.0 = Release|Any CPU
		{C297F0B4-9D84-4B97-8614-5FD93C1A0EED}.Release|x64.ActiveCfg = Release|Any CPU
		{C297F0B4-9D84-4B97-8614-5FD93C1A0EED}.Release|x64.Build.0 = Release|Any CPU
		{C297F0B4-9D84-4B97-8614-5FD93C1A0EED}.Release|x86.ActiveCfg = Release|Any CPU
		{C297F0B4-9D84-4B97-8614-5FD93C1A0EED}.Release|x86.Build.0 = Release|Any CPU
		{8D636724-13BB-4182-B4BC-3FE5EFFE6937}.Debug|Any CPU.ActiveCfg = Debug|Any CPU
		{8D636724-13BB-4182-B4BC-3FE5EFFE6937}.Debug|Any CPU.Build.0 = Debug|Any CPU
		{8D636724-13BB-4182-B4BC-3FE5EFFE6937}.Debug|x64.ActiveCfg = Debug|Any CPU
		{8D636724-13BB-4182-B4BC-3FE5EFFE6937}.Debug|x64.Build.0 = Debug|Any CPU
		{8D636724-13BB-4182-B4BC-3FE5EFFE6937}.Debug|x86.ActiveCfg = Debug|Any CPU
		{8D636724-13BB-4182-B4BC-3FE5EFFE6937}.Debug|x86.Build.0 = Debug|Any CPU
		{8D636724-13BB-4182-B4BC-3FE5EFFE6937}.Release|Any CPU.ActiveCfg = Release|Any CPU
		{8D636724-13BB-4182-B4BC-3FE5EFFE6937}.Release|Any CPU.Build.0 = Release|Any CPU
		{8D636724-13BB-4182-B4BC-3FE5EFFE6937}.Release|x64.ActiveCfg = Release|Any CPU
		{8D636724-13BB-4182-B4BC-3FE5EFFE6937}.Release|x64.Build.0 = Release|Any CPU
		{8D636724-13BB-4182-B4BC-3FE5EFFE6937}.Release|x86.ActiveCfg = Release|Any CPU
		{8D636724-13BB-4182-B4BC-3FE5EFFE6937}.Release|x86.Build.0 = Release|Any CPU
		{26DDC38C-09F7-4411-8665-31ED91B3C540}.Debug|Any CPU.ActiveCfg = Debug|Any CPU
		{26DDC38C-09F7-4411-8665-31ED91B3C540}.Debug|Any CPU.Build.0 = Debug|Any CPU
		{26DDC38C-09F7-4411-8665-31ED91B3C540}.Debug|x64.ActiveCfg = Debug|Any CPU
		{26DDC38C-09F7-4411-8665-31ED91B3C540}.Debug|x64.Build.0 = Debug|Any CPU
		{26DDC38C-09F7-4411-8665-31ED91B3C540}.Debug|x86.ActiveCfg = Debug|Any CPU
		{26DDC38C-09F7-4411-8665-31ED91B3C540}.Debug|x86.Build.0 = Debug|Any CPU
		{26DDC38C-09F7-4411-8665-31ED91B3C540}.Release|Any CPU.ActiveCfg = Release|Any CPU
		{26DDC38C-09F7-4411-8665-31ED91B3C540}.Release|Any CPU.Build.0 = Release|Any CPU
		{26DDC38C-09F7-4411-8665-31ED91B3C540}.Release|x64.ActiveCfg = Release|Any CPU
		{26DDC38C-09F7-4411-8665-31ED91B3C540}.Release|x64.Build.0 = Release|Any CPU
		{26DDC38C-09F7-4411-8665-31ED91B3C540}.Release|x86.ActiveCfg = Release|Any CPU
		{26DDC38C-09F7-4411-8665-31ED91B3C540}.Release|x86.Build.0 = Release|Any CPU
		{1D69D298-56B2-4B89-B834-0635A30AC6A4}.Debug|Any CPU.ActiveCfg = Debug|Any CPU
		{1D69D298-56B2-4B89-B834-0635A30AC6A4}.Debug|Any CPU.Build.0 = Debug|Any CPU
		{1D69D298-56B2-4B89-B834-0635A30AC6A4}.Debug|x64.ActiveCfg = Debug|Any CPU
		{1D69D298-56B2-4B89-B834-0635A30AC6A4}.Debug|x64.Build.0 = Debug|Any CPU
		{1D69D298-56B2-4B89-B834-0635A30AC6A4}.Debug|x86.ActiveCfg = Debug|Any CPU
		{1D69D298-56B2-4B89-B834-0635A30AC6A4}.Debug|x86.Build.0 = Debug|Any CPU
		{1D69D298-56B2-4B89-B834-0635A30AC6A4}.Release|Any CPU.ActiveCfg = Release|Any CPU
		{1D69D298-56B2-4B89-B834-0635A30AC6A4}.Release|Any CPU.Build.0 = Release|Any CPU
		{1D69D298-56B2-4B89-B834-0635A30AC6A4}.Release|x64.ActiveCfg = Release|Any CPU
		{1D69D298-56B2-4B89-B834-0635A30AC6A4}.Release|x64.Build.0 = Release|Any CPU
		{1D69D298-56B2-4B89-B834-0635A30AC6A4}.Release|x86.ActiveCfg = Release|Any CPU
		{1D69D298-56B2-4B89-B834-0635A30AC6A4}.Release|x86.Build.0 = Release|Any CPU
		{6D9DF325-D6A9-4885-AF42-05E588D89D59}.Debug|Any CPU.ActiveCfg = Debug|Any CPU
		{6D9DF325-D6A9-4885-AF42-05E588D89D59}.Debug|Any CPU.Build.0 = Debug|Any CPU
		{6D9DF325-D6A9-4885-AF42-05E588D89D59}.Debug|x64.ActiveCfg = Debug|Any CPU
		{6D9DF325-D6A9-4885-AF42-05E588D89D59}.Debug|x64.Build.0 = Debug|Any CPU
		{6D9DF325-D6A9-4885-AF42-05E588D89D59}.Debug|x86.ActiveCfg = Debug|Any CPU
		{6D9DF325-D6A9-4885-AF42-05E588D89D59}.Debug|x86.Build.0 = Debug|Any CPU
		{6D9DF325-D6A9-4885-AF42-05E588D89D59}.Release|Any CPU.ActiveCfg = Release|Any CPU
		{6D9DF325-D6A9-4885-AF42-05E588D89D59}.Release|Any CPU.Build.0 = Release|Any CPU
		{6D9DF325-D6A9-4885-AF42-05E588D89D59}.Release|x64.ActiveCfg = Release|Any CPU
		{6D9DF325-D6A9-4885-AF42-05E588D89D59}.Release|x64.Build.0 = Release|Any CPU
		{6D9DF325-D6A9-4885-AF42-05E588D89D59}.Release|x86.ActiveCfg = Release|Any CPU
		{6D9DF325-D6A9-4885-AF42-05E588D89D59}.Release|x86.Build.0 = Release|Any CPU
		{5CE664AC-B8DC-4AB7-AEE7-D58020A2F3DF}.Debug|Any CPU.ActiveCfg = Debug|Any CPU
		{5CE664AC-B8DC-4AB7-AEE7-D58020A2F3DF}.Debug|Any CPU.Build.0 = Debug|Any CPU
		{5CE664AC-B8DC-4AB7-AEE7-D58020A2F3DF}.Debug|x64.ActiveCfg = Debug|Any CPU
		{5CE664AC-B8DC-4AB7-AEE7-D58020A2F3DF}.Debug|x64.Build.0 = Debug|Any CPU
		{5CE664AC-B8DC-4AB7-AEE7-D58020A2F3DF}.Debug|x86.ActiveCfg = Debug|Any CPU
		{5CE664AC-B8DC-4AB7-AEE7-D58020A2F3DF}.Debug|x86.Build.0 = Debug|Any CPU
		{5CE664AC-B8DC-4AB7-AEE7-D58020A2F3DF}.Release|Any CPU.ActiveCfg = Release|Any CPU
		{5CE664AC-B8DC-4AB7-AEE7-D58020A2F3DF}.Release|Any CPU.Build.0 = Release|Any CPU
		{5CE664AC-B8DC-4AB7-AEE7-D58020A2F3DF}.Release|x64.ActiveCfg = Release|Any CPU
		{5CE664AC-B8DC-4AB7-AEE7-D58020A2F3DF}.Release|x64.Build.0 = Release|Any CPU
		{5CE664AC-B8DC-4AB7-AEE7-D58020A2F3DF}.Release|x86.ActiveCfg = Release|Any CPU
		{5CE664AC-B8DC-4AB7-AEE7-D58020A2F3DF}.Release|x86.Build.0 = Release|Any CPU
		{CF3B6DB1-996B-49F3-8D37-938DD2C41B9C}.Debug|Any CPU.ActiveCfg = Debug|Any CPU
		{CF3B6DB1-996B-49F3-8D37-938DD2C41B9C}.Debug|Any CPU.Build.0 = Debug|Any CPU
		{CF3B6DB1-996B-49F3-8D37-938DD2C41B9C}.Debug|x64.ActiveCfg = Debug|Any CPU
		{CF3B6DB1-996B-49F3-8D37-938DD2C41B9C}.Debug|x64.Build.0 = Debug|Any CPU
		{CF3B6DB1-996B-49F3-8D37-938DD2C41B9C}.Debug|x86.ActiveCfg = Debug|Any CPU
		{CF3B6DB1-996B-49F3-8D37-938DD2C41B9C}.Debug|x86.Build.0 = Debug|Any CPU
		{CF3B6DB1-996B-49F3-8D37-938DD2C41B9C}.Release|Any CPU.ActiveCfg = Release|Any CPU
		{CF3B6DB1-996B-49F3-8D37-938DD2C41B9C}.Release|Any CPU.Build.0 = Release|Any CPU
		{CF3B6DB1-996B-49F3-8D37-938DD2C41B9C}.Release|x64.ActiveCfg = Release|Any CPU
		{CF3B6DB1-996B-49F3-8D37-938DD2C41B9C}.Release|x64.Build.0 = Release|Any CPU
		{CF3B6DB1-996B-49F3-8D37-938DD2C41B9C}.Release|x86.ActiveCfg = Release|Any CPU
		{CF3B6DB1-996B-49F3-8D37-938DD2C41B9C}.Release|x86.Build.0 = Release|Any CPU
		{6747B407-60AA-4879-B3C7-A8132EE0F9CF}.Debug|Any CPU.ActiveCfg = Debug|Any CPU
		{6747B407-60AA-4879-B3C7-A8132EE0F9CF}.Debug|Any CPU.Build.0 = Debug|Any CPU
		{6747B407-60AA-4879-B3C7-A8132EE0F9CF}.Debug|x64.ActiveCfg = Debug|Any CPU
		{6747B407-60AA-4879-B3C7-A8132EE0F9CF}.Debug|x64.Build.0 = Debug|Any CPU
		{6747B407-60AA-4879-B3C7-A8132EE0F9CF}.Debug|x86.ActiveCfg = Debug|Any CPU
		{6747B407-60AA-4879-B3C7-A8132EE0F9CF}.Debug|x86.Build.0 = Debug|Any CPU
		{6747B407-60AA-4879-B3C7-A8132EE0F9CF}.Release|Any CPU.ActiveCfg = Release|Any CPU
		{6747B407-60AA-4879-B3C7-A8132EE0F9CF}.Release|Any CPU.Build.0 = Release|Any CPU
		{6747B407-60AA-4879-B3C7-A8132EE0F9CF}.Release|x64.ActiveCfg = Release|Any CPU
		{6747B407-60AA-4879-B3C7-A8132EE0F9CF}.Release|x64.Build.0 = Release|Any CPU
		{6747B407-60AA-4879-B3C7-A8132EE0F9CF}.Release|x86.ActiveCfg = Release|Any CPU
		{6747B407-60AA-4879-B3C7-A8132EE0F9CF}.Release|x86.Build.0 = Release|Any CPU
		{92A5A9F9-1560-4448-B4B5-9596D3F6075A}.Debug|Any CPU.ActiveCfg = Debug|Any CPU
		{92A5A9F9-1560-4448-B4B5-9596D3F6075A}.Debug|Any CPU.Build.0 = Debug|Any CPU
		{92A5A9F9-1560-4448-B4B5-9596D3F6075A}.Debug|x64.ActiveCfg = Debug|Any CPU
		{92A5A9F9-1560-4448-B4B5-9596D3F6075A}.Debug|x64.Build.0 = Debug|Any CPU
		{92A5A9F9-1560-4448-B4B5-9596D3F6075A}.Debug|x86.ActiveCfg = Debug|Any CPU
		{92A5A9F9-1560-4448-B4B5-9596D3F6075A}.Debug|x86.Build.0 = Debug|Any CPU
		{92A5A9F9-1560-4448-B4B5-9596D3F6075A}.Release|Any CPU.ActiveCfg = Release|Any CPU
		{92A5A9F9-1560-4448-B4B5-9596D3F6075A}.Release|Any CPU.Build.0 = Release|Any CPU
		{92A5A9F9-1560-4448-B4B5-9596D3F6075A}.Release|x64.ActiveCfg = Release|Any CPU
		{92A5A9F9-1560-4448-B4B5-9596D3F6075A}.Release|x64.Build.0 = Release|Any CPU
		{92A5A9F9-1560-4448-B4B5-9596D3F6075A}.Release|x86.ActiveCfg = Release|Any CPU
		{92A5A9F9-1560-4448-B4B5-9596D3F6075A}.Release|x86.Build.0 = Release|Any CPU
		{D99DF216-F4BE-4A81-876C-44EDADFE8DFA}.Debug|Any CPU.ActiveCfg = Debug|Any CPU
		{D99DF216-F4BE-4A81-876C-44EDADFE8DFA}.Debug|Any CPU.Build.0 = Debug|Any CPU
		{D99DF216-F4BE-4A81-876C-44EDADFE8DFA}.Debug|x64.ActiveCfg = Debug|Any CPU
		{D99DF216-F4BE-4A81-876C-44EDADFE8DFA}.Debug|x64.Build.0 = Debug|Any CPU
		{D99DF216-F4BE-4A81-876C-44EDADFE8DFA}.Debug|x86.ActiveCfg = Debug|Any CPU
		{D99DF216-F4BE-4A81-876C-44EDADFE8DFA}.Debug|x86.Build.0 = Debug|Any CPU
		{D99DF216-F4BE-4A81-876C-44EDADFE8DFA}.Release|Any CPU.ActiveCfg = Release|Any CPU
		{D99DF216-F4BE-4A81-876C-44EDADFE8DFA}.Release|Any CPU.Build.0 = Release|Any CPU
		{D99DF216-F4BE-4A81-876C-44EDADFE8DFA}.Release|x64.ActiveCfg = Release|Any CPU
		{D99DF216-F4BE-4A81-876C-44EDADFE8DFA}.Release|x64.Build.0 = Release|Any CPU
		{D99DF216-F4BE-4A81-876C-44EDADFE8DFA}.Release|x86.ActiveCfg = Release|Any CPU
		{D99DF216-F4BE-4A81-876C-44EDADFE8DFA}.Release|x86.Build.0 = Release|Any CPU
		{0A6BD44D-F8AC-4F1A-A9D9-0117BB728BC1}.Debug|Any CPU.ActiveCfg = Debug|Any CPU
		{0A6BD44D-F8AC-4F1A-A9D9-0117BB728BC1}.Debug|Any CPU.Build.0 = Debug|Any CPU
		{0A6BD44D-F8AC-4F1A-A9D9-0117BB728BC1}.Debug|x64.ActiveCfg = Debug|Any CPU
		{0A6BD44D-F8AC-4F1A-A9D9-0117BB728BC1}.Debug|x64.Build.0 = Debug|Any CPU
		{0A6BD44D-F8AC-4F1A-A9D9-0117BB728BC1}.Debug|x86.ActiveCfg = Debug|Any CPU
		{0A6BD44D-F8AC-4F1A-A9D9-0117BB728BC1}.Debug|x86.Build.0 = Debug|Any CPU
		{0A6BD44D-F8AC-4F1A-A9D9-0117BB728BC1}.Release|Any CPU.ActiveCfg = Release|Any CPU
		{0A6BD44D-F8AC-4F1A-A9D9-0117BB728BC1}.Release|Any CPU.Build.0 = Release|Any CPU
		{0A6BD44D-F8AC-4F1A-A9D9-0117BB728BC1}.Release|x64.ActiveCfg = Release|Any CPU
		{0A6BD44D-F8AC-4F1A-A9D9-0117BB728BC1}.Release|x64.Build.0 = Release|Any CPU
		{0A6BD44D-F8AC-4F1A-A9D9-0117BB728BC1}.Release|x86.ActiveCfg = Release|Any CPU
		{0A6BD44D-F8AC-4F1A-A9D9-0117BB728BC1}.Release|x86.Build.0 = Release|Any CPU
		{5C713BCE-ADE0-482D-808E-859E5F9752F8}.Debug|Any CPU.ActiveCfg = Debug|Any CPU
		{5C713BCE-ADE0-482D-808E-859E5F9752F8}.Debug|Any CPU.Build.0 = Debug|Any CPU
		{5C713BCE-ADE0-482D-808E-859E5F9752F8}.Debug|x64.ActiveCfg = Debug|Any CPU
		{5C713BCE-ADE0-482D-808E-859E5F9752F8}.Debug|x64.Build.0 = Debug|Any CPU
		{5C713BCE-ADE0-482D-808E-859E5F9752F8}.Debug|x86.ActiveCfg = Debug|Any CPU
		{5C713BCE-ADE0-482D-808E-859E5F9752F8}.Debug|x86.Build.0 = Debug|Any CPU
		{5C713BCE-ADE0-482D-808E-859E5F9752F8}.Release|Any CPU.ActiveCfg = Release|Any CPU
		{5C713BCE-ADE0-482D-808E-859E5F9752F8}.Release|Any CPU.Build.0 = Release|Any CPU
		{5C713BCE-ADE0-482D-808E-859E5F9752F8}.Release|x64.ActiveCfg = Release|Any CPU
		{5C713BCE-ADE0-482D-808E-859E5F9752F8}.Release|x64.Build.0 = Release|Any CPU
		{5C713BCE-ADE0-482D-808E-859E5F9752F8}.Release|x86.ActiveCfg = Release|Any CPU
		{5C713BCE-ADE0-482D-808E-859E5F9752F8}.Release|x86.Build.0 = Release|Any CPU
	EndGlobalSection
	GlobalSection(SolutionProperties) = preSolution
		HideSolutionNode = FALSE
	EndGlobalSection
	GlobalSection(NestedProjects) = preSolution
		{B9FA98D2-007B-4F88-A231-72AF33C52FF5} = {E3D54F66-7409-442F-BB2B-6249F87CC502}
		{39464856-948A-46D7-B565-97FE3897CB0F} = {E3D54F66-7409-442F-BB2B-6249F87CC502}
		{5D59477D-0CAE-4771-BDC5-0DA036DF4D23} = {67382B67-982F-45C0-9D42-BA7F40BD583E}
		{08484719-1722-482E-8E42-869A66E4C388} = {67382B67-982F-45C0-9D42-BA7F40BD583E}
		{80E4D12B-427B-417E-BD0B-6F1F2F4F1647} = {67382B67-982F-45C0-9D42-BA7F40BD583E}
		{453E556C-4A32-411B-8C3B-E045C0AC0A65} = {C9B5586B-606D-4204-BF7E-42E7FAE6BCA7}
		{53628471-32F7-4E83-B388-FB1C1C02ED13} = {453E556C-4A32-411B-8C3B-E045C0AC0A65}
		{8787644D-871C-44E6-AAC3-598C6E9649CE} = {C9B5586B-606D-4204-BF7E-42E7FAE6BCA7}
		{576390B2-F861-49EB-8B1D-4EA65A1B926D} = {8787644D-871C-44E6-AAC3-598C6E9649CE}
		{940D9E39-F631-49B4-837A-B8CC27986052} = {C9B5586B-606D-4204-BF7E-42E7FAE6BCA7}
		{6C5A5612-C666-45D1-8020-E01B8F6A7392} = {940D9E39-F631-49B4-837A-B8CC27986052}
		{F736176C-33FA-46EA-81C4-B6EA23DCF45F} = {C9B5586B-606D-4204-BF7E-42E7FAE6BCA7}
		{3BD317B7-829C-49A2-A52D-80395D85EA1B} = {F736176C-33FA-46EA-81C4-B6EA23DCF45F}
		{7030D3F8-1170-4647-93D1-E31EF28892AF} = {940D9E39-F631-49B4-837A-B8CC27986052}
		{0F8CDCC3-6851-44B9-9ABF-59D195219CD0} = {7030D3F8-1170-4647-93D1-E31EF28892AF}
		{142B6775-9B87-4614-92F9-E5EB142E4E85} = {7030D3F8-1170-4647-93D1-E31EF28892AF}
		{D73E8B67-9AAF-4001-926C-D6C3B1CDBED0} = {453E556C-4A32-411B-8C3B-E045C0AC0A65}
		{AA07C257-5FCA-4B23-BC89-6B171303442A} = {453E556C-4A32-411B-8C3B-E045C0AC0A65}
		{71B915AD-D5E5-4781-9692-09CF76424A39} = {453E556C-4A32-411B-8C3B-E045C0AC0A65}
		{CA969818-0BC6-4E76-BED3-52EF5A338E7D} = {D73E8B67-9AAF-4001-926C-D6C3B1CDBED0}
		{F06793BF-49C8-498F-BAF5-2AB387701FA3} = {D73E8B67-9AAF-4001-926C-D6C3B1CDBED0}
		{9DB2CBD6-46BB-4774-9AE1-EF5E6DB1AC68} = {AA07C257-5FCA-4B23-BC89-6B171303442A}
		{6FCBC7F0-B47B-4AC1-A893-D64D97122707} = {AA07C257-5FCA-4B23-BC89-6B171303442A}
		{ADC3DF8A-DAC4-4719-9004-5B6ACF7EED0F} = {940D9E39-F631-49B4-837A-B8CC27986052}
		{B002300B-885A-4D14-8D11-E15280BDFA89} = {ADC3DF8A-DAC4-4719-9004-5B6ACF7EED0F}
		{BFA788DE-149C-42E7-A5F7-A73E833A9008} = {ADC3DF8A-DAC4-4719-9004-5B6ACF7EED0F}
		{A85946C1-535E-4707-A384-DF755D48DEC9} = {C9B5586B-606D-4204-BF7E-42E7FAE6BCA7}
		{5A75C5D2-0059-4860-98AF-B0DC1FBBB7F0} = {A85946C1-535E-4707-A384-DF755D48DEC9}
		{B0F7E2FC-B2B7-4351-8E2F-9EB9AAD5353C} = {5A75C5D2-0059-4860-98AF-B0DC1FBBB7F0}
		{9F910658-EFA3-41B5-B384-2F6D6382A4DD} = {5A75C5D2-0059-4860-98AF-B0DC1FBBB7F0}
		{931A3A8E-7FCF-4DA8-9514-D6C44CD7ECCF} = {ADC3DF8A-DAC4-4719-9004-5B6ACF7EED0F}
		{12411609-EE26-47F0-9DD0-36D8A5348E2C} = {940D9E39-F631-49B4-837A-B8CC27986052}
		{7BD583AC-D1FE-4175-BFFD-57371C18D7EA} = {C9B5586B-606D-4204-BF7E-42E7FAE6BCA7}
		{2BCA372D-AA07-4811-B990-E356DF89068E} = {7BD583AC-D1FE-4175-BFFD-57371C18D7EA}
		{F09ED325-5163-471F-8666-4309869C2454} = {8787644D-871C-44E6-AAC3-598C6E9649CE}
		{A7E63AB9-60F8-4F2F-8F90-6B097479A6E6} = {D73E8B67-9AAF-4001-926C-D6C3B1CDBED0}
		{3E1E42FC-C050-4E53-B123-FC73303B4207} = {AA07C257-5FCA-4B23-BC89-6B171303442A}
		{00FECE49-C714-423A-A3DD-1A381A6D5353} = {C9B5586B-606D-4204-BF7E-42E7FAE6BCA7}
		{4FAB3259-B524-426E-B0EC-C400A52F9CF3} = {00FECE49-C714-423A-A3DD-1A381A6D5353}
		{B50E9B60-D07E-4A97-9AB5-A659A07DCE79} = {00FECE49-C714-423A-A3DD-1A381A6D5353}
		{F7B4B7A6-3E8E-4DC8-A284-705E335595EE} = {A85946C1-535E-4707-A384-DF755D48DEC9}
		{0A9F433E-E23E-4F86-A04F-8B67CE0A6568} = {F7B4B7A6-3E8E-4DC8-A284-705E335595EE}
		{7D06B399-AF7E-491E-8379-88CB8CA86140} = {F7B4B7A6-3E8E-4DC8-A284-705E335595EE}
		{F4C64B63-2975-46C7-8BA5-9684FDAECB75} = {F7B4B7A6-3E8E-4DC8-A284-705E335595EE}
		{3D128FB6-010F-405E-A131-7318BE4B8BC7} = {00FECE49-C714-423A-A3DD-1A381A6D5353}
		{1BE001F7-D319-483E-8EDE-5C54477D2EEE} = {E3D54F66-7409-442F-BB2B-6249F87CC502}
		{2E685779-DEE8-48D8-8F82-04F51B4FDC09} = {00FECE49-C714-423A-A3DD-1A381A6D5353}
		{C4407014-5F13-426B-980A-4FA163CA48B0} = {7EA5AE91-94E6-47C9-9D21-6D1169B97463}
		{22125463-D91A-46AD-9609-3C7808145197} = {74FE5B9D-DF45-4E7D-919B-052E29A73BAD}
		{B1AFB13F-3E39-4CD0-AA56-956C21C4F86D} = {893E7E40-501A-4EA4-B785-7E74740822FB}
		{3585B1C0-DE96-4390-B5DD-F0920EEF76EE} = {893E7E40-501A-4EA4-B785-7E74740822FB}
		{5294ED42-D51C-4201-B1DD-6C0B0DAD6FD8} = {B1AFB13F-3E39-4CD0-AA56-956C21C4F86D}
		{738CCE73-9275-4E26-8A6B-7A3B5DB58A98} = {B1AFB13F-3E39-4CD0-AA56-956C21C4F86D}
		{75951CF3-AB6F-4389-B565-AFD39E426F83} = {3585B1C0-DE96-4390-B5DD-F0920EEF76EE}
		{C297F0B4-9D84-4B97-8614-5FD93C1A0EED} = {3585B1C0-DE96-4390-B5DD-F0920EEF76EE}
		{375536B7-A314-4B5C-AB73-9561D26F6B14} = {893E7E40-501A-4EA4-B785-7E74740822FB}
		{8D636724-13BB-4182-B4BC-3FE5EFFE6937} = {375536B7-A314-4B5C-AB73-9561D26F6B14}
		{26DDC38C-09F7-4411-8665-31ED91B3C540} = {B1AFB13F-3E39-4CD0-AA56-956C21C4F86D}
		{1D69D298-56B2-4B89-B834-0635A30AC6A4} = {375536B7-A314-4B5C-AB73-9561D26F6B14}
		{6D9DF325-D6A9-4885-AF42-05E588D89D59} = {7EA5AE91-94E6-47C9-9D21-6D1169B97463}
		{5CE664AC-B8DC-4AB7-AEE7-D58020A2F3DF} = {7EA5AE91-94E6-47C9-9D21-6D1169B97463}
		{CF3B6DB1-996B-49F3-8D37-938DD2C41B9C} = {7EA5AE91-94E6-47C9-9D21-6D1169B97463}
		{6747B407-60AA-4879-B3C7-A8132EE0F9CF} = {7EA5AE91-94E6-47C9-9D21-6D1169B97463}
		{92A5A9F9-1560-4448-B4B5-9596D3F6075A} = {7EA5AE91-94E6-47C9-9D21-6D1169B97463}
		{D99DF216-F4BE-4A81-876C-44EDADFE8DFA} = {9B4B40A5-AC32-4018-9FEF-5946CD65D136}
		{0A6BD44D-F8AC-4F1A-A9D9-0117BB728BC1} = {74FE5B9D-DF45-4E7D-919B-052E29A73BAD}
		{5C713BCE-ADE0-482D-808E-859E5F9752F8} = {7EA5AE91-94E6-47C9-9D21-6D1169B97463}
	EndGlobalSection
EndGlobal
