
Microsoft Visual Studio Solution File, Format Version 12.00
Project("{FAE04EC0-301F-11D3-BF4B-00C04F79EFBC}") = "Frontend", "Frontend\Frontend\Frontend.csproj", "{140CC906-2950-49C7-8AED-01FD63A6C3FF}"
EndProject
Project("{2150E333-8FDC-42A3-9474-1A3956D46DE8}") = "Frontend", "Frontend", "{44537C91-ABBA-4FF0-8893-A4B97E902B3D}"
EndProject
Project("{2150E333-8FDC-42A3-9474-1A3956D46DE8}") = "Backend", "Backend", "{F6C76E82-7C18-4D90-8FCF-5D7AF32D7555}"
EndProject
Project("{FAE04EC0-301F-11D3-BF4B-00C04F79EFBC}") = "Audio", "Backend\Audio\Audio.csproj", "{57BBA996-85EC-4ED5-8FB9-1C0BD734C48F}"
EndProject
Project("{FAE04EC0-301F-11D3-BF4B-00C04F79EFBC}") = "Extensions", "Backend\Extensions\Extensions.csproj", "{A019A125-4CDF-408F-868A-931012FCECBE}"
EndProject
Project("{FAE04EC0-301F-11D3-BF4B-00C04F79EFBC}") = "Images", "Backend\Images\Images.csproj", "{F77637E9-A37F-4D0E-B84E-0F12C67A4388}"
EndProject
Project("{FAE04EC0-301F-11D3-BF4B-00C04F79EFBC}") = "Options", "Backend\Options\Options.csproj", "{A8408F8F-6EBF-4A2B-B0E9-B21C0FE6B207}"
EndProject
Global
	GlobalSection(SolutionConfigurationPlatforms) = preSolution
		Debug|Any CPU = Debug|Any CPU
		Release|Any CPU = Release|Any CPU
	EndGlobalSection
	GlobalSection(ProjectConfigurationPlatforms) = postSolution
		{140CC906-2950-49C7-8AED-01FD63A6C3FF}.Debug|Any CPU.ActiveCfg = Debug|Any CPU
		{140CC906-2950-49C7-8AED-01FD63A6C3FF}.Debug|Any CPU.Build.0 = Debug|Any CPU
		{140CC906-2950-49C7-8AED-01FD63A6C3FF}.Release|Any CPU.ActiveCfg = Release|Any CPU
		{140CC906-2950-49C7-8AED-01FD63A6C3FF}.Release|Any CPU.Build.0 = Release|Any CPU
		{57BBA996-85EC-4ED5-8FB9-1C0BD734C48F}.Debug|Any CPU.ActiveCfg = Debug|Any CPU
		{57BBA996-85EC-4ED5-8FB9-1C0BD734C48F}.Debug|Any CPU.Build.0 = Debug|Any CPU
		{57BBA996-85EC-4ED5-8FB9-1C0BD734C48F}.Release|Any CPU.ActiveCfg = Release|Any CPU
		{57BBA996-85EC-4ED5-8FB9-1C0BD734C48F}.Release|Any CPU.Build.0 = Release|Any CPU
		{A019A125-4CDF-408F-868A-931012FCECBE}.Debug|Any CPU.ActiveCfg = Debug|Any CPU
		{A019A125-4CDF-408F-868A-931012FCECBE}.Debug|Any CPU.Build.0 = Debug|Any CPU
		{A019A125-4CDF-408F-868A-931012FCECBE}.Release|Any CPU.ActiveCfg = Release|Any CPU
		{A019A125-4CDF-408F-868A-931012FCECBE}.Release|Any CPU.Build.0 = Release|Any CPU
		{F77637E9-A37F-4D0E-B84E-0F12C67A4388}.Debug|Any CPU.ActiveCfg = Debug|Any CPU
		{F77637E9-A37F-4D0E-B84E-0F12C67A4388}.Debug|Any CPU.Build.0 = Debug|Any CPU
		{F77637E9-A37F-4D0E-B84E-0F12C67A4388}.Release|Any CPU.ActiveCfg = Release|Any CPU
		{F77637E9-A37F-4D0E-B84E-0F12C67A4388}.Release|Any CPU.Build.0 = Release|Any CPU
		{A8408F8F-6EBF-4A2B-B0E9-B21C0FE6B207}.Debug|Any CPU.ActiveCfg = Debug|Any CPU
		{A8408F8F-6EBF-4A2B-B0E9-B21C0FE6B207}.Debug|Any CPU.Build.0 = Debug|Any CPU
		{A8408F8F-6EBF-4A2B-B0E9-B21C0FE6B207}.Release|Any CPU.ActiveCfg = Release|Any CPU
		{A8408F8F-6EBF-4A2B-B0E9-B21C0FE6B207}.Release|Any CPU.Build.0 = Release|Any CPU
	EndGlobalSection
	GlobalSection(NestedProjects) = preSolution
		{140CC906-2950-49C7-8AED-01FD63A6C3FF} = {44537C91-ABBA-4FF0-8893-A4B97E902B3D}
		{57BBA996-85EC-4ED5-8FB9-1C0BD734C48F} = {F6C76E82-7C18-4D90-8FCF-5D7AF32D7555}
		{A019A125-4CDF-408F-868A-931012FCECBE} = {F6C76E82-7C18-4D90-8FCF-5D7AF32D7555}
		{F77637E9-A37F-4D0E-B84E-0F12C67A4388} = {F6C76E82-7C18-4D90-8FCF-5D7AF32D7555}
		{A8408F8F-6EBF-4A2B-B0E9-B21C0FE6B207} = {F6C76E82-7C18-4D90-8FCF-5D7AF32D7555}
	EndGlobalSection
EndGlobal
